// !$*UTF8*$!
{
	archiveVersion = 1;
	classes = {
	};
	objectVersion = 46;
	objects = {

/* Begin PBXBuildFile section */
		28AD733F0D9D9553002E5188 /* MainWindow.xib in Resources */ = {isa = PBXBuildFile; fileRef = 28AD733E0D9D9553002E5188 /* MainWindow.xib */; };
		5F9827F9217C44B8AD727320 /* libPods.a in Frameworks */ = {isa = PBXBuildFile; fileRef = 45C9A33A307C4A318C23060B /* libPods.a */; };
		808024AA1C554DCAB46088C3 /* libPods.a in Frameworks */ = {isa = PBXBuildFile; fileRef = 45C9A33A307C4A318C23060B /* libPods.a */; };
		900378A115409DBD00579FF2 /* TheBoxVisibleStrategyTest.m in Sources */ = {isa = PBXBuildFile; fileRef = 900378A015409DBD00579FF2 /* TheBoxVisibleStrategyTest.m */; };
		90226B91135999D1006E43EC /* TheBoxBinarySearch.m in Sources */ = {isa = PBXBuildFile; fileRef = 90226B90135999D1006E43EC /* TheBoxBinarySearch.m */; settings = {COMPILER_FLAGS = ""; }; };
		90226C6E1359B1DB006E43EC /* TheBoxPredicates.m in Sources */ = {isa = PBXBuildFile; fileRef = 90226C6C1359B1DB006E43EC /* TheBoxPredicates.m */; settings = {COMPILER_FLAGS = ""; }; };
		9022BAA1153EA7CC00AB2418 /* NSMutableDictionary+TBMutableDictionary.m in Sources */ = {isa = PBXBuildFile; fileRef = 9022BAA0153EA7CC00AB2418 /* NSMutableDictionary+TBMutableDictionary.m */; };
		903AE3DA1284900300A8FB28 /* HomeUIGridViewController.xib in Resources */ = {isa = PBXBuildFile; fileRef = 903AE3D91284900300A8FB28 /* HomeUIGridViewController.xib */; };
		903AE3E81284BF7500A8FB28 /* WelcomeUIViewController.xib in Resources */ = {isa = PBXBuildFile; fileRef = 903AE3E71284BF7500A8FB28 /* WelcomeUIViewController.xib */; };
		903AE4EC1285BE6500A8FB28 /* DetailsUIViewController.xib in Resources */ = {isa = PBXBuildFile; fileRef = 903AE4EB1285BE6500A8FB28 /* DetailsUIViewController.xib */; };
		903AE4EE1285C9A600A8FB28 /* UserProfile.xib in Resources */ = {isa = PBXBuildFile; fileRef = 903AE4ED1285C9A600A8FB28 /* UserProfile.xib */; };
		903AE4F61285CBD800A8FB28 /* UserProfiles.xib in Resources */ = {isa = PBXBuildFile; fileRef = 903AE4F51285CBD800A8FB28 /* UserProfiles.xib */; };
		903AE5611285E33600A8FB28 /* UploadUIViewController.xib in Resources */ = {isa = PBXBuildFile; fileRef = 903AE5601285E33600A8FB28 /* UploadUIViewController.xib */; };
		90428D39154B405D0090D280 /* TheBoxUIScrollViewTest.m in Sources */ = {isa = PBXBuildFile; fileRef = 90428D38154B405D0090D280 /* TheBoxUIScrollViewTest.m */; };
		90454B05154DE5DF0064D998 /* icon-72.png in Resources */ = {isa = PBXBuildFile; fileRef = 90454B04154DE5DF0064D998 /* icon-72.png */; };
		905A4FBA1291DEB400BCB475 /* LocationUIViewController.xib in Resources */ = {isa = PBXBuildFile; fileRef = 905A4FB91291DEB400BCB475 /* LocationUIViewController.xib */; };
		908363CD14006BF000E5AAAF /* SenTestingKit.framework in Frameworks */ = {isa = PBXBuildFile; fileRef = 90A1E2C1133C89D800CC9212 /* SenTestingKit.framework */; };
		908363E614006C3B00E5AAAF /* TheBoxUICellRecycleStrategyTest.m in Sources */ = {isa = PBXBuildFile; fileRef = 90A1E57E133CC68F00CC9212 /* TheBoxUICellRecycleStrategyTest.m */; };
		908363E714006C3B00E5AAAF /* TheBoxUICellVisibleStrategyTest.m in Sources */ = {isa = PBXBuildFile; fileRef = 90A1E57F133CC68F00CC9212 /* TheBoxUICellVisibleStrategyTest.m */; };
		908363E814006C3B00E5AAAF /* TheBoxUIRecycleStrategyTest.m in Sources */ = {isa = PBXBuildFile; fileRef = 90A1E580133CC68F00CC9212 /* TheBoxUIRecycleStrategyTest.m */; };
		908363EE14006C3B00E5AAAF /* TheBoxSizeTest.m in Sources */ = {isa = PBXBuildFile; fileRef = 90CEADEB1349CDBD0084C5F0 /* TheBoxSizeTest.m */; };
		908363EF14006C3B00E5AAAF /* TheBoxRectTest.m in Sources */ = {isa = PBXBuildFile; fileRef = 90417326134B0F1500F18F95 /* TheBoxRectTest.m */; };
		908363F014006C3B00E5AAAF /* TheBoxBinarySearchTest.m in Sources */ = {isa = PBXBuildFile; fileRef = 90226BF81359A983006E43EC /* TheBoxBinarySearchTest.m */; };
		908363F214006C5000E5AAAF /* UITestViews.m in Sources */ = {isa = PBXBuildFile; fileRef = 90A1E578133CC68A00CC9212 /* UITestViews.m */; };
		908363F614006C5000E5AAAF /* TheBoxTestRanking.m in Sources */ = {isa = PBXBuildFile; fileRef = 90226C071359AA14006E43EC /* TheBoxTestRanking.m */; };
		908363F9140070DC00E5AAAF /* CFNetwork.framework in Frameworks */ = {isa = PBXBuildFile; fileRef = 90D29AFF131A81FB008B8B2D /* CFNetwork.framework */; };
		908363FA140070DC00E5AAAF /* SystemConfiguration.framework in Frameworks */ = {isa = PBXBuildFile; fileRef = 90D29B07131A820F008B8B2D /* SystemConfiguration.framework */; };
		908363FB140070DC00E5AAAF /* MobileCoreServices.framework in Frameworks */ = {isa = PBXBuildFile; fileRef = 90D29B0B131A8219008B8B2D /* MobileCoreServices.framework */; };
		908363FC140070DC00E5AAAF /* CoreLocation.framework in Frameworks */ = {isa = PBXBuildFile; fileRef = 905A503A1291E4AC00BCB475 /* CoreLocation.framework */; };
		908363FD140070DC00E5AAAF /* MapKit.framework in Frameworks */ = {isa = PBXBuildFile; fileRef = 905A4FE11291E15400BCB475 /* MapKit.framework */; };
		908363FE140070DC00E5AAAF /* UIKit.framework in Frameworks */ = {isa = PBXBuildFile; fileRef = 1DF5F4DF0D08C38300B7A737 /* UIKit.framework */; };
		908363FF140070DC00E5AAAF /* Foundation.framework in Frameworks */ = {isa = PBXBuildFile; fileRef = 1D30AB110D05D00D00671497 /* Foundation.framework */; };
		90836400140070DC00E5AAAF /* CoreGraphics.framework in Frameworks */ = {isa = PBXBuildFile; fileRef = 288765FC0DF74451002DB57D /* CoreGraphics.framework */; };
		908364011400712200E5AAAF /* libz.dylib in Frameworks */ = {isa = PBXBuildFile; fileRef = 908363A61400659200E5AAAF /* libz.dylib */; };
		908364051400752500E5AAAF /* CFNetwork.framework in Frameworks */ = {isa = PBXBuildFile; fileRef = 90D29AFF131A81FB008B8B2D /* CFNetwork.framework */; };
		908364061400752500E5AAAF /* SystemConfiguration.framework in Frameworks */ = {isa = PBXBuildFile; fileRef = 90D29B07131A820F008B8B2D /* SystemConfiguration.framework */; };
		908364071400752500E5AAAF /* MobileCoreServices.framework in Frameworks */ = {isa = PBXBuildFile; fileRef = 90D29B0B131A8219008B8B2D /* MobileCoreServices.framework */; };
		908364081400752500E5AAAF /* CoreLocation.framework in Frameworks */ = {isa = PBXBuildFile; fileRef = 905A503A1291E4AC00BCB475 /* CoreLocation.framework */; };
		908364091400752500E5AAAF /* MapKit.framework in Frameworks */ = {isa = PBXBuildFile; fileRef = 905A4FE11291E15400BCB475 /* MapKit.framework */; };
		9083640A1400752500E5AAAF /* UIKit.framework in Frameworks */ = {isa = PBXBuildFile; fileRef = 1DF5F4DF0D08C38300B7A737 /* UIKit.framework */; };
		9083640B1400752500E5AAAF /* Foundation.framework in Frameworks */ = {isa = PBXBuildFile; fileRef = 1D30AB110D05D00D00671497 /* Foundation.framework */; };
		9083640C1400752500E5AAAF /* CoreGraphics.framework in Frameworks */ = {isa = PBXBuildFile; fileRef = 288765FC0DF74451002DB57D /* CoreGraphics.framework */; };
		9083640D1400752A00E5AAAF /* libz.dylib in Frameworks */ = {isa = PBXBuildFile; fileRef = 908363A61400659200E5AAAF /* libz.dylib */; };
		9089482515533980009188B4 /* libTestFlight.a in Frameworks */ = {isa = PBXBuildFile; fileRef = 9089482415533980009188B4 /* libTestFlight.a */; };
		9089482715534395009188B4 /* add_new_section.png in Resources */ = {isa = PBXBuildFile; fileRef = 9089482615534395009188B4 /* add_new_section.png */; };
		9089482A155349DE009188B4 /* NSDictionary+TBDictionary.m in Sources */ = {isa = PBXBuildFile; fileRef = 90894829155349DE009188B4 /* NSDictionary+TBDictionary.m */; };
		9089482B155349DE009188B4 /* NSDictionary+TBDictionary.m in Sources */ = {isa = PBXBuildFile; fileRef = 90894829155349DE009188B4 /* NSDictionary+TBDictionary.m */; };
		9096CC09133BB81E00639685 /* TheBoxQueries.m in Sources */ = {isa = PBXBuildFile; fileRef = 9096CC07133BB81E00639685 /* TheBoxQueries.m */; settings = {COMPILER_FLAGS = ""; }; };
		909F9F3515442A5600D1E7AE /* TheBoxUIGridViewTest.m in Sources */ = {isa = PBXBuildFile; fileRef = 909F9F3415442A5600D1E7AE /* TheBoxUIGridViewTest.m */; };
		90A1E51E133CC10000CC9212 /* TheBoxCache.m in Sources */ = {isa = PBXBuildFile; fileRef = 90A1E51D133CC10000CC9212 /* TheBoxCache.m */; settings = {COMPILER_FLAGS = ""; }; };
		90A5FCD11387CC1F004E65B3 /* TheBoxUIGridView.m in Sources */ = {isa = PBXBuildFile; fileRef = 90A5FCCF1387CC1F004E65B3 /* TheBoxUIGridView.m */; settings = {COMPILER_FLAGS = ""; }; };
		90A6C4541300822C00AEEE9F /* TheBoxUIScrollView.m in Sources */ = {isa = PBXBuildFile; fileRef = 90A6C4521300822C00AEEE9F /* TheBoxUIScrollView.m */; settings = {COMPILER_FLAGS = ""; }; };
		90B56BE51534D3E10064CB4E /* DetailsUIViewController.m in Sources */ = {isa = PBXBuildFile; fileRef = 90B56BE41534D3E10064CB4E /* DetailsUIViewController.m */; };
		90BBA77612BD0418001B97D9 /* UIView+TheBoxUIView.m in Sources */ = {isa = PBXBuildFile; fileRef = 90BBA77212BD036E001B97D9 /* UIView+TheBoxUIView.m */; settings = {COMPILER_FLAGS = ""; }; };
		90C2A47B1526679C00AC16B6 /* TheBoxDefaultKeyboardObserver.m in Sources */ = {isa = PBXBuildFile; fileRef = 90C2A47A1526679B00AC16B6 /* TheBoxDefaultKeyboardObserver.m */; settings = {COMPILER_FLAGS = ""; }; };
		90C2C35412B6C24E00829868 /* TheBoxSize.m in Sources */ = {isa = PBXBuildFile; fileRef = 90C0038D12B63C0E0029863E /* TheBoxSize.m */; settings = {COMPILER_FLAGS = ""; }; };
		90C2C35512B6C24E00829868 /* TheBoxBundle.m in Sources */ = {isa = PBXBuildFile; fileRef = 90D830D812B51BDF00BE4470 /* TheBoxBundle.m */; settings = {COMPILER_FLAGS = ""; }; };
		90C2C35712B6C24F00829868 /* TheBoxUIGridViewController.m in Sources */ = {isa = PBXBuildFile; fileRef = 903367ED129C5F510046C59D /* TheBoxUIGridViewController.m */; settings = {COMPILER_FLAGS = ""; }; };
		90C2C35912B6C25000829868 /* TheBoxVisibleStrategy.m in Sources */ = {isa = PBXBuildFile; fileRef = 904D3EB112A13F6B00F70930 /* TheBoxVisibleStrategy.m */; settings = {COMPILER_FLAGS = ""; }; };
		90C2C35D12B6C25200829868 /* TheBoxUIList.m in Sources */ = {isa = PBXBuildFile; fileRef = 905A4F941291DBBA00BCB475 /* TheBoxUIList.m */; settings = {COMPILER_FLAGS = ""; }; };
		90C2C35E12B6C25300829868 /* TheBoxLocationService.m in Sources */ = {isa = PBXBuildFile; fileRef = 90C2ECA312930C08009195CF /* TheBoxLocationService.m */; settings = {COMPILER_FLAGS = ""; }; };
		90C2C35F12B6C25400829868 /* TheBoxNotifications.m in Sources */ = {isa = PBXBuildFile; fileRef = 90C2EE7812934108009195CF /* TheBoxNotifications.m */; settings = {COMPILER_FLAGS = ""; }; };
		90C2C36012B6C25500829868 /* TheBoxUICell.m in Sources */ = {isa = PBXBuildFile; fileRef = 9053948F1288847500FD381C /* TheBoxUICell.m */; settings = {COMPILER_FLAGS = ""; }; };
		90C2C36412B6C25800829868 /* NSArray+Decorator.m in Sources */ = {isa = PBXBuildFile; fileRef = 9056A5A612900416006C148A /* NSArray+Decorator.m */; settings = {COMPILER_FLAGS = ""; }; };
		90C2C36512B6C25900829868 /* TheBoxRect.m in Sources */ = {isa = PBXBuildFile; fileRef = 90C0048E12B6437B0029863E /* TheBoxRect.m */; settings = {COMPILER_FLAGS = ""; }; };
		90C2C36612B6C25A00829868 /* NSString+Decorator.m in Sources */ = {isa = PBXBuildFile; fileRef = 9056A5DF1290065F006C148A /* NSString+Decorator.m */; settings = {COMPILER_FLAGS = ""; }; };
		90C2C36A12B6C25C00829868 /* TheBoxUIRecycleStrategy.m in Sources */ = {isa = PBXBuildFile; fileRef = 904D3E6112A13BDA00F70930 /* TheBoxUIRecycleStrategy.m */; settings = {COMPILER_FLAGS = ""; }; };
		90C2C37012B6C27000829868 /* HomeUIGridViewController.m in Sources */ = {isa = PBXBuildFile; fileRef = 902FDA8C12ABACF200CE1161 /* HomeUIGridViewController.m */; settings = {COMPILER_FLAGS = " "; }; };
		90C2C37112B6C2A300829868 /* UserProfilesView.m in Sources */ = {isa = PBXBuildFile; fileRef = 903AE5071285E1F800A8FB28 /* UserProfilesView.m */; settings = {COMPILER_FLAGS = ""; }; };
		90C2C37212B6C2A400829868 /* UserProfileView.m in Sources */ = {isa = PBXBuildFile; fileRef = 903AE5031285E1C300A8FB28 /* UserProfileView.m */; settings = {COMPILER_FLAGS = ""; }; };
		90C2C37312B6C2A900829868 /* UploadUIViewController.m in Sources */ = {isa = PBXBuildFile; fileRef = 9053953112888AF000FD381C /* UploadUIViewController.m */; settings = {COMPILER_FLAGS = ""; }; };
		90C2C37412B6C2AC00829868 /* LocationUIViewController.m in Sources */ = {isa = PBXBuildFile; fileRef = 905A4F991291DE6400BCB475 /* LocationUIViewController.m */; settings = {COMPILER_FLAGS = " "; }; };
		90C2C37512B6C2AD00829868 /* TheBoxAppDelegate.m in Sources */ = {isa = PBXBuildFile; fileRef = 1D3623250D0F684500981E51 /* TheBoxAppDelegate.m */; settings = {COMPILER_FLAGS = ""; }; };
		90C2C37612B6C2AE00829868 /* main.m in Sources */ = {isa = PBXBuildFile; fileRef = 29B97316FDCFA39411CA2CEA /* main.m */; settings = {COMPILER_FLAGS = ""; }; };
		90C784001515E63C006D0381 /* TheBoxBundle.m in Sources */ = {isa = PBXBuildFile; fileRef = 90D830D812B51BDF00BE4470 /* TheBoxBundle.m */; };
		90CBFE57154BEEAA00349A13 /* add_button_highlighted_color.png in Resources */ = {isa = PBXBuildFile; fileRef = 90CBFE56154BEEAA00349A13 /* add_button_highlighted_color.png */; };
		90CBFE59154BEF4C00349A13 /* take_photo_button_highlighted_color.png in Resources */ = {isa = PBXBuildFile; fileRef = 90CBFE58154BEF4C00349A13 /* take_photo_button_highlighted_color.png */; };
		90CBFE5B154BEFF800349A13 /* select_location_button_highlighed_color.png in Resources */ = {isa = PBXBuildFile; fileRef = 90CBFE5A154BEFF800349A13 /* select_location_button_highlighed_color.png */; };
		90CBFE5D154BF1B600349A13 /* add_category_button_highlighted_color.png in Resources */ = {isa = PBXBuildFile; fileRef = 90CBFE5C154BF1B600349A13 /* add_category_button_highlighted_color.png */; };
		90CBFE5F154BF58F00349A13 /* poweredByFoursquare_gray.png in Resources */ = {isa = PBXBuildFile; fileRef = 90CBFE5E154BF58F00349A13 /* poweredByFoursquare_gray.png */; };
		90CBFE61154C349200349A13 /* add_item.png in Resources */ = {isa = PBXBuildFile; fileRef = 90CBFE60154C349200349A13 /* add_item.png */; };
		90CBFE6D154D4ACA00349A13 /* thewho.jpg in Resources */ = {isa = PBXBuildFile; fileRef = 90CBFE69154D4ACA00349A13 /* thewho.jpg */; };
		90CBFE6E154D4ACA00349A13 /* koboloi.JPG in Resources */ = {isa = PBXBuildFile; fileRef = 90CBFE6A154D4ACA00349A13 /* koboloi.JPG */; };
		90CBFE6F154D4ACA00349A13 /* hat.jpg in Resources */ = {isa = PBXBuildFile; fileRef = 90CBFE6B154D4ACA00349A13 /* hat.jpg */; };
		90CBFE70154D4ACA00349A13 /* earings.jpg in Resources */ = {isa = PBXBuildFile; fileRef = 90CBFE6C154D4ACA00349A13 /* earings.jpg */; };
		90D830F412B51DA400BE4470 /* TheBoxUICell.xib in Resources */ = {isa = PBXBuildFile; fileRef = 90D830F312B51DA400BE4470 /* TheBoxUICell.xib */; };
		90D9A93F12B921950063FF60 /* Item.m in Sources */ = {isa = PBXBuildFile; fileRef = 90D9A93E12B921950063FF60 /* Item.m */; settings = {COMPILER_FLAGS = ""; }; };
		90D9A96412B924130063FF60 /* TheBoxMath.m in Sources */ = {isa = PBXBuildFile; fileRef = 90D9A96312B924130063FF60 /* TheBoxMath.m */; settings = {COMPILER_FLAGS = ""; }; };
		90E3592C1546333700075ABF /* default_item_thumb.png in Resources */ = {isa = PBXBuildFile; fileRef = 90E3592A1546333700075ABF /* default_item_thumb.png */; };
		90E359301546348E00075ABF /* NSCache+TBCache.m in Sources */ = {isa = PBXBuildFile; fileRef = 90E3592F1546348E00075ABF /* NSCache+TBCache.m */; };
		90EC895D154B62E10009F73E /* WelcomeUIViewController.m in Sources */ = {isa = PBXBuildFile; fileRef = 90EC895C154B62E10009F73E /* WelcomeUIViewController.m */; };
		90F08273132AED5200E7E35F /* UITextField+TheBoxUITextField.m in Sources */ = {isa = PBXBuildFile; fileRef = 90F08272132AED5200E7E35F /* UITextField+TheBoxUITextField.m */; settings = {COMPILER_FLAGS = ""; }; };
		90F9FDE0154D54D8001BCD66 /* TheBoxUIRecycleStrategy.m in Sources */ = {isa = PBXBuildFile; fileRef = 904D3E6112A13BDA00F70930 /* TheBoxUIRecycleStrategy.m */; };
		90F9FDE4154D97C5001BCD66 /* icon@2x.png in Resources */ = {isa = PBXBuildFile; fileRef = 90F9FDE3154D97C5001BCD66 /* icon@2x.png */; };
		90F9FDE6154D97D0001BCD66 /* icon.png in Resources */ = {isa = PBXBuildFile; fileRef = 90F9FDE5154D97D0001BCD66 /* icon.png */; };
		BD1C3E0D15679668007769CE /* TBUIRibbon.m in Sources */ = {isa = PBXBuildFile; fileRef = BD1C3E0C15679668007769CE /* TBUIRibbon.m */; };
		BDE1E83615683FF800CF10CF /* TBUIView.m in Sources */ = {isa = PBXBuildFile; fileRef = BDE1E83515683FF800CF10CF /* TBUIView.m */; };
/* End PBXBuildFile section */

/* Begin PBXContainerItemProxy section */
		9077D19A1402F3E200959726 /* PBXContainerItemProxy */ = {
			isa = PBXContainerItemProxy;
			containerPortal = 29B97313FDCFA39411CA2CEA /* Project object */;
			proxyType = 1;
			remoteGlobalIDString = 1D6058900D05DD3D006BFB54;
			remoteInfo = TheBox;
		};
/* End PBXContainerItemProxy section */

/* Begin PBXFileReference section */
		1D30AB110D05D00D00671497 /* Foundation.framework */ = {isa = PBXFileReference; lastKnownFileType = wrapper.framework; name = Foundation.framework; path = System/Library/Frameworks/Foundation.framework; sourceTree = SDKROOT; };
		1D3623250D0F684500981E51 /* TheBoxAppDelegate.m */ = {isa = PBXFileReference; fileEncoding = 4; lastKnownFileType = sourcecode.c.objc; name = TheBoxAppDelegate.m; path = Classes/TheBoxAppDelegate.m; sourceTree = "<group>"; };
		1D6058910D05DD3D006BFB54 /* thebox.app */ = {isa = PBXFileReference; explicitFileType = wrapper.application; includeInIndex = 0; path = thebox.app; sourceTree = BUILT_PRODUCTS_DIR; };
		1DF5F4DF0D08C38300B7A737 /* UIKit.framework */ = {isa = PBXFileReference; lastKnownFileType = wrapper.framework; name = UIKit.framework; path = System/Library/Frameworks/UIKit.framework; sourceTree = SDKROOT; };
		288765FC0DF74451002DB57D /* CoreGraphics.framework */ = {isa = PBXFileReference; lastKnownFileType = wrapper.framework; name = CoreGraphics.framework; path = System/Library/Frameworks/CoreGraphics.framework; sourceTree = SDKROOT; };
		28AD733E0D9D9553002E5188 /* MainWindow.xib */ = {isa = PBXFileReference; lastKnownFileType = file.xib; path = MainWindow.xib; sourceTree = "<group>"; };
		29B97316FDCFA39411CA2CEA /* main.m */ = {isa = PBXFileReference; fileEncoding = 4; lastKnownFileType = sourcecode.c.objc; path = main.m; sourceTree = "<group>"; };
		32CA4F630368D1EE00C91783 /* TheBox_Prefix.pch */ = {isa = PBXFileReference; fileEncoding = 4; lastKnownFileType = sourcecode.c.h; path = TheBox_Prefix.pch; sourceTree = "<group>"; };
		357DF359FDFE4E56B5D134F8 /* Pods.xcconfig */ = {isa = PBXFileReference; lastKnownFileType = text.xcconfig; name = Pods.xcconfig; path = Pods/Pods.xcconfig; sourceTree = SOURCE_ROOT; };
		45C9A33A307C4A318C23060B /* libPods.a */ = {isa = PBXFileReference; explicitFileType = archive.ar; includeInIndex = 0; path = libPods.a; sourceTree = BUILT_PRODUCTS_DIR; };
		8D1107310486CEB800E47090 /* TheBox-Info.plist */ = {isa = PBXFileReference; fileEncoding = 4; lastKnownFileType = text.plist.xml; path = "TheBox-Info.plist"; plistStructureDefinitionIdentifier = "com.apple.xcode.plist.structure-definition.iphone.info-plist"; sourceTree = "<group>"; };
		900378A015409DBD00579FF2 /* TheBoxVisibleStrategyTest.m */ = {isa = PBXFileReference; fileEncoding = 4; lastKnownFileType = sourcecode.c.objc; path = TheBoxVisibleStrategyTest.m; sourceTree = "<group>"; };
		9020737C152CF1340017A385 /* TBItemsOperationDelegate.h */ = {isa = PBXFileReference; fileEncoding = 4; lastKnownFileType = sourcecode.c.h; name = TBItemsOperationDelegate.h; path = Headers/TBItemsOperationDelegate.h; sourceTree = "<group>"; };
		90226B8F135999D1006E43EC /* TheBoxBinarySearch.h */ = {isa = PBXFileReference; fileEncoding = 4; lastKnownFileType = sourcecode.c.h; path = TheBoxBinarySearch.h; sourceTree = "<group>"; };
		90226B90135999D1006E43EC /* TheBoxBinarySearch.m */ = {isa = PBXFileReference; fileEncoding = 4; lastKnownFileType = sourcecode.c.objc; path = TheBoxBinarySearch.m; sourceTree = "<group>"; };
		90226BF81359A983006E43EC /* TheBoxBinarySearchTest.m */ = {isa = PBXFileReference; fileEncoding = 4; lastKnownFileType = sourcecode.c.objc; path = TheBoxBinarySearchTest.m; sourceTree = "<group>"; };
		90226C071359AA14006E43EC /* TheBoxTestRanking.m */ = {isa = PBXFileReference; fileEncoding = 4; lastKnownFileType = sourcecode.c.objc; path = TheBoxTestRanking.m; sourceTree = "<group>"; };
		90226C6B1359B1DB006E43EC /* TheBoxPredicates.h */ = {isa = PBXFileReference; fileEncoding = 4; lastKnownFileType = sourcecode.c.h; path = TheBoxPredicates.h; sourceTree = "<group>"; };
		90226C6C1359B1DB006E43EC /* TheBoxPredicates.m */ = {isa = PBXFileReference; fileEncoding = 4; lastKnownFileType = sourcecode.c.objc; path = TheBoxPredicates.m; sourceTree = "<group>"; };
		9022BA9F153EA7CC00AB2418 /* NSMutableDictionary+TBMutableDictionary.h */ = {isa = PBXFileReference; fileEncoding = 4; lastKnownFileType = sourcecode.c.h; name = "NSMutableDictionary+TBMutableDictionary.h"; path = "../Classes/NSMutableDictionary+TBMutableDictionary.h"; sourceTree = "<group>"; };
		9022BAA0153EA7CC00AB2418 /* NSMutableDictionary+TBMutableDictionary.m */ = {isa = PBXFileReference; fileEncoding = 4; lastKnownFileType = sourcecode.c.objc; path = "NSMutableDictionary+TBMutableDictionary.m"; sourceTree = "<group>"; };
		902FDA8C12ABACF200CE1161 /* HomeUIGridViewController.m */ = {isa = PBXFileReference; fileEncoding = 4; lastKnownFileType = sourcecode.c.objc; name = HomeUIGridViewController.m; path = Classes/HomeUIGridViewController.m; sourceTree = "<group>"; };
		902FE726155B197200C67B2E /* UploadUIViewControllerTest.m */ = {isa = PBXFileReference; fileEncoding = 4; lastKnownFileType = sourcecode.c.objc; name = UploadUIViewControllerTest.m; path = "../../../thebox-hg/Tests/Classes/UploadUIViewControllerTest.m"; sourceTree = "<group>"; };
		903367ED129C5F510046C59D /* TheBoxUIGridViewController.m */ = {isa = PBXFileReference; fileEncoding = 4; lastKnownFileType = sourcecode.c.objc; path = TheBoxUIGridViewController.m; sourceTree = "<group>"; };
		903AE3D91284900300A8FB28 /* HomeUIGridViewController.xib */ = {isa = PBXFileReference; lastKnownFileType = file.xib; name = HomeUIGridViewController.xib; path = Classes/HomeUIGridViewController.xib; sourceTree = "<group>"; };
		903AE3E71284BF7500A8FB28 /* WelcomeUIViewController.xib */ = {isa = PBXFileReference; lastKnownFileType = file.xib; name = WelcomeUIViewController.xib; path = Classes/WelcomeUIViewController.xib; sourceTree = "<group>"; };
		903AE4EB1285BE6500A8FB28 /* DetailsUIViewController.xib */ = {isa = PBXFileReference; lastKnownFileType = file.xib; name = DetailsUIViewController.xib; path = Classes/DetailsUIViewController.xib; sourceTree = "<group>"; };
		903AE4ED1285C9A600A8FB28 /* UserProfile.xib */ = {isa = PBXFileReference; lastKnownFileType = file.xib; name = UserProfile.xib; path = Classes/UserProfile.xib; sourceTree = "<group>"; };
		903AE4F51285CBD800A8FB28 /* UserProfiles.xib */ = {isa = PBXFileReference; lastKnownFileType = file.xib; name = UserProfiles.xib; path = Classes/UserProfiles.xib; sourceTree = "<group>"; };
		903AE5031285E1C300A8FB28 /* UserProfileView.m */ = {isa = PBXFileReference; fileEncoding = 4; lastKnownFileType = sourcecode.c.objc; name = UserProfileView.m; path = Classes/UserProfileView.m; sourceTree = "<group>"; };
		903AE5071285E1F800A8FB28 /* UserProfilesView.m */ = {isa = PBXFileReference; fileEncoding = 4; lastKnownFileType = sourcecode.c.objc; name = UserProfilesView.m; path = Classes/UserProfilesView.m; sourceTree = "<group>"; };
		903AE5601285E33600A8FB28 /* UploadUIViewController.xib */ = {isa = PBXFileReference; lastKnownFileType = file.xib; name = UploadUIViewController.xib; path = Classes/UploadUIViewController.xib; sourceTree = "<group>"; };
		90417326134B0F1500F18F95 /* TheBoxRectTest.m */ = {isa = PBXFileReference; fileEncoding = 4; lastKnownFileType = sourcecode.c.objc; path = TheBoxRectTest.m; sourceTree = "<group>"; };
		90428D38154B405D0090D280 /* TheBoxUIScrollViewTest.m */ = {isa = PBXFileReference; fileEncoding = 4; lastKnownFileType = sourcecode.c.objc; path = TheBoxUIScrollViewTest.m; sourceTree = "<group>"; };
		90454B04154DE5DF0064D998 /* icon-72.png */ = {isa = PBXFileReference; lastKnownFileType = image.png; path = "icon-72.png"; sourceTree = "<group>"; };
		904D3E6112A13BDA00F70930 /* TheBoxUIRecycleStrategy.m */ = {isa = PBXFileReference; fileEncoding = 4; lastKnownFileType = sourcecode.c.objc; path = TheBoxUIRecycleStrategy.m; sourceTree = "<group>"; };
		904D3EB112A13F6B00F70930 /* TheBoxVisibleStrategy.m */ = {isa = PBXFileReference; fileEncoding = 4; lastKnownFileType = sourcecode.c.objc; path = TheBoxVisibleStrategy.m; sourceTree = "<group>"; };
		9053948F1288847500FD381C /* TheBoxUICell.m */ = {isa = PBXFileReference; fileEncoding = 4; lastKnownFileType = sourcecode.c.objc; path = TheBoxUICell.m; sourceTree = "<group>"; };
		9053953112888AF000FD381C /* UploadUIViewController.m */ = {isa = PBXFileReference; fileEncoding = 4; lastKnownFileType = sourcecode.c.objc; name = UploadUIViewController.m; path = Classes/UploadUIViewController.m; sourceTree = "<group>"; };
		90539C6D1537670800559AD0 /* TBCreateItemOperationDelegate.h */ = {isa = PBXFileReference; fileEncoding = 4; lastKnownFileType = sourcecode.c.h; name = TBCreateItemOperationDelegate.h; path = Headers/TBCreateItemOperationDelegate.h; sourceTree = "<group>"; };
		9056A5A612900416006C148A /* NSArray+Decorator.m */ = {isa = PBXFileReference; fileEncoding = 4; lastKnownFileType = sourcecode.c.objc; path = "NSArray+Decorator.m"; sourceTree = "<group>"; };
		9056A5DF1290065F006C148A /* NSString+Decorator.m */ = {isa = PBXFileReference; fileEncoding = 4; lastKnownFileType = sourcecode.c.objc; path = "NSString+Decorator.m"; sourceTree = "<group>"; };
		905A4F941291DBBA00BCB475 /* TheBoxUIList.m */ = {isa = PBXFileReference; fileEncoding = 4; lastKnownFileType = sourcecode.c.objc; path = TheBoxUIList.m; sourceTree = "<group>"; };
		905A4F991291DE6400BCB475 /* LocationUIViewController.m */ = {isa = PBXFileReference; fileEncoding = 4; lastKnownFileType = sourcecode.c.objc; name = LocationUIViewController.m; path = Classes/LocationUIViewController.m; sourceTree = "<group>"; };
		905A4FB91291DEB400BCB475 /* LocationUIViewController.xib */ = {isa = PBXFileReference; lastKnownFileType = file.xib; name = LocationUIViewController.xib; path = Classes/LocationUIViewController.xib; sourceTree = "<group>"; };
		905A4FE11291E15400BCB475 /* MapKit.framework */ = {isa = PBXFileReference; lastKnownFileType = wrapper.framework; name = MapKit.framework; path = System/Library/Frameworks/MapKit.framework; sourceTree = SDKROOT; };
		905A503A1291E4AC00BCB475 /* CoreLocation.framework */ = {isa = PBXFileReference; lastKnownFileType = wrapper.framework; name = CoreLocation.framework; path = System/Library/Frameworks/CoreLocation.framework; sourceTree = SDKROOT; };
		908363A61400659200E5AAAF /* libz.dylib */ = {isa = PBXFileReference; lastKnownFileType = "compiled.mach-o.dylib"; name = libz.dylib; path = usr/lib/libz.dylib; sourceTree = SDKROOT; };
		908363CC14006BF000E5AAAF /* TheBoxUnitTests.octest */ = {isa = PBXFileReference; explicitFileType = wrapper.cfbundle; includeInIndex = 0; path = TheBoxUnitTests.octest; sourceTree = BUILT_PRODUCTS_DIR; };
		908363D614006BF100E5AAAF /* TheBoxUnitTests-Info.plist */ = {isa = PBXFileReference; lastKnownFileType = text.plist.xml; name = "TheBoxUnitTests-Info.plist"; path = "TheBoxUnitTests/TheBoxUnitTests-Info.plist"; sourceTree = "<group>"; };
		908363DE14006BF100E5AAAF /* TheBoxUnitTests-Prefix.pch */ = {isa = PBXFileReference; lastKnownFileType = sourcecode.c.h; name = "TheBoxUnitTests-Prefix.pch"; path = "TheBoxUnitTests/TheBoxUnitTests-Prefix.pch"; sourceTree = "<group>"; };
		9089482415533980009188B4 /* libTestFlight.a */ = {isa = PBXFileReference; lastKnownFileType = archive.ar; name = libTestFlight.a; path = ../Pods/TestFlightSDK/libTestFlight.a; sourceTree = "<group>"; };
		9089482615534395009188B4 /* add_new_section.png */ = {isa = PBXFileReference; lastKnownFileType = image.png; path = add_new_section.png; sourceTree = "<group>"; };
		90894828155349DE009188B4 /* NSDictionary+TBDictionary.h */ = {isa = PBXFileReference; fileEncoding = 4; lastKnownFileType = sourcecode.c.h; path = "NSDictionary+TBDictionary.h"; sourceTree = "<group>"; };
		90894829155349DE009188B4 /* NSDictionary+TBDictionary.m */ = {isa = PBXFileReference; fileEncoding = 4; lastKnownFileType = sourcecode.c.objc; path = "NSDictionary+TBDictionary.m"; sourceTree = "<group>"; };
		9094243E142E44380084C40C /* TheBoxUIGridViewDelegate.h */ = {isa = PBXFileReference; fileEncoding = 4; lastKnownFileType = sourcecode.c.h; path = TheBoxUIGridViewDelegate.h; sourceTree = "<group>"; };
		9096CBD7133BB6FE00639685 /* TheBoxUIViewConfiguration.h */ = {isa = PBXFileReference; fileEncoding = 4; lastKnownFileType = sourcecode.c.h; path = TheBoxUIViewConfiguration.h; sourceTree = "<group>"; };
		9096CBE2133BB76700639685 /* Item.h */ = {isa = PBXFileReference; fileEncoding = 4; lastKnownFileType = sourcecode.c.h; path = Item.h; sourceTree = "<group>"; };
		9096CC07133BB81E00639685 /* TheBoxQueries.m */ = {isa = PBXFileReference; fileEncoding = 4; lastKnownFileType = sourcecode.c.objc; path = TheBoxQueries.m; sourceTree = "<group>"; };
		9096CC0B133BB85300639685 /* TheBoxMath.h */ = {isa = PBXFileReference; fileEncoding = 4; lastKnownFileType = sourcecode.c.h; path = TheBoxMath.h; sourceTree = "<group>"; };
		9096CC0D133BB85300639685 /* TheBoxQueries.h */ = {isa = PBXFileReference; fileEncoding = 4; lastKnownFileType = sourcecode.c.h; path = TheBoxQueries.h; sourceTree = "<group>"; };
		9096CC0E133BB85400639685 /* TheBoxUIScrollView.h */ = {isa = PBXFileReference; fileEncoding = 4; lastKnownFileType = sourcecode.c.h; path = TheBoxUIScrollView.h; sourceTree = "<group>"; };
		9096CC0F133BB85400639685 /* UIView+TheBoxUIView.h */ = {isa = PBXFileReference; fileEncoding = 4; lastKnownFileType = sourcecode.c.h; path = "UIView+TheBoxUIView.h"; sourceTree = "<group>"; };
		909F9F3415442A5600D1E7AE /* TheBoxUIGridViewTest.m */ = {isa = PBXFileReference; fileEncoding = 4; lastKnownFileType = sourcecode.c.objc; path = TheBoxUIGridViewTest.m; sourceTree = "<group>"; };
		90A1E2C1133C89D800CC9212 /* SenTestingKit.framework */ = {isa = PBXFileReference; lastKnownFileType = wrapper.framework; name = SenTestingKit.framework; path = Developer/Library/Frameworks/SenTestingKit.framework; sourceTree = SDKROOT; };
		90A1E51C133CC10000CC9212 /* TheBoxCache.h */ = {isa = PBXFileReference; fileEncoding = 4; lastKnownFileType = sourcecode.c.h; path = TheBoxCache.h; sourceTree = "<group>"; };
		90A1E51D133CC10000CC9212 /* TheBoxCache.m */ = {isa = PBXFileReference; fileEncoding = 4; lastKnownFileType = sourcecode.c.objc; path = TheBoxCache.m; sourceTree = "<group>"; };
		90A1E578133CC68A00CC9212 /* UITestViews.m */ = {isa = PBXFileReference; fileEncoding = 4; lastKnownFileType = sourcecode.c.objc; path = UITestViews.m; sourceTree = "<group>"; };
		90A1E57E133CC68F00CC9212 /* TheBoxUICellRecycleStrategyTest.m */ = {isa = PBXFileReference; fileEncoding = 4; lastKnownFileType = sourcecode.c.objc; path = TheBoxUICellRecycleStrategyTest.m; sourceTree = "<group>"; };
		90A1E57F133CC68F00CC9212 /* TheBoxUICellVisibleStrategyTest.m */ = {isa = PBXFileReference; fileEncoding = 4; lastKnownFileType = sourcecode.c.objc; path = TheBoxUICellVisibleStrategyTest.m; sourceTree = "<group>"; };
		90A1E580133CC68F00CC9212 /* TheBoxUIRecycleStrategyTest.m */ = {isa = PBXFileReference; fileEncoding = 4; lastKnownFileType = sourcecode.c.objc; path = TheBoxUIRecycleStrategyTest.m; sourceTree = "<group>"; };
		90A5FCCE1387CC1F004E65B3 /* TheBoxUIGridView.h */ = {isa = PBXFileReference; fileEncoding = 4; lastKnownFileType = sourcecode.c.h; path = TheBoxUIGridView.h; sourceTree = "<group>"; };
		90A5FCCF1387CC1F004E65B3 /* TheBoxUIGridView.m */ = {isa = PBXFileReference; fileEncoding = 4; lastKnownFileType = sourcecode.c.objc; path = TheBoxUIGridView.m; sourceTree = "<group>"; };
		90A6C4521300822C00AEEE9F /* TheBoxUIScrollView.m */ = {isa = PBXFileReference; fileEncoding = 4; lastKnownFileType = sourcecode.c.objc; path = TheBoxUIScrollView.m; sourceTree = "<group>"; };
		90B56BE31534D3E10064CB4E /* DetailsUIViewController.h */ = {isa = PBXFileReference; fileEncoding = 4; lastKnownFileType = sourcecode.c.h; name = DetailsUIViewController.h; path = Headers/DetailsUIViewController.h; sourceTree = "<group>"; };
		90B56BE41534D3E10064CB4E /* DetailsUIViewController.m */ = {isa = PBXFileReference; fileEncoding = 4; lastKnownFileType = sourcecode.c.objc; name = DetailsUIViewController.m; path = Classes/DetailsUIViewController.m; sourceTree = "<group>"; };
		90BBA77212BD036E001B97D9 /* UIView+TheBoxUIView.m */ = {isa = PBXFileReference; fileEncoding = 4; lastKnownFileType = sourcecode.c.objc; path = "UIView+TheBoxUIView.m"; sourceTree = "<group>"; };
		90C0038D12B63C0E0029863E /* TheBoxSize.m */ = {isa = PBXFileReference; fileEncoding = 4; lastKnownFileType = sourcecode.c.objc; path = TheBoxSize.m; sourceTree = "<group>"; };
		90C0048E12B6437B0029863E /* TheBoxRect.m */ = {isa = PBXFileReference; fileEncoding = 4; lastKnownFileType = sourcecode.c.objc; path = TheBoxRect.m; sourceTree = "<group>"; };
		90C2A4791526679B00AC16B6 /* TheBoxDefaultKeyboardObserver.h */ = {isa = PBXFileReference; fileEncoding = 4; lastKnownFileType = sourcecode.c.h; path = TheBoxDefaultKeyboardObserver.h; sourceTree = "<group>"; };
		90C2A47A1526679B00AC16B6 /* TheBoxDefaultKeyboardObserver.m */ = {isa = PBXFileReference; fileEncoding = 4; lastKnownFileType = sourcecode.c.objc; path = TheBoxDefaultKeyboardObserver.m; sourceTree = "<group>"; };
		90C2ECA312930C08009195CF /* TheBoxLocationService.m */ = {isa = PBXFileReference; fileEncoding = 4; lastKnownFileType = sourcecode.c.objc; path = TheBoxLocationService.m; sourceTree = "<group>"; };
		90C2EE7812934108009195CF /* TheBoxNotifications.m */ = {isa = PBXFileReference; fileEncoding = 4; lastKnownFileType = sourcecode.c.objc; path = TheBoxNotifications.m; sourceTree = "<group>"; };
		90C9510212B6A16C00A8A05F /* HomeUIGridViewController.h */ = {isa = PBXFileReference; fileEncoding = 4; lastKnownFileType = sourcecode.c.h; path = HomeUIGridViewController.h; sourceTree = "<group>"; };
		90C9510412B6A16C00A8A05F /* LocationUIViewController.h */ = {isa = PBXFileReference; fileEncoding = 4; lastKnownFileType = sourcecode.c.h; path = LocationUIViewController.h; sourceTree = "<group>"; };
		90C9510512B6A16C00A8A05F /* NSArray+Decorator.h */ = {isa = PBXFileReference; fileEncoding = 4; lastKnownFileType = sourcecode.c.h; path = "NSArray+Decorator.h"; sourceTree = "<group>"; };
		90C9510612B6A16C00A8A05F /* NSString+Decorator.h */ = {isa = PBXFileReference; fileEncoding = 4; lastKnownFileType = sourcecode.c.h; path = "NSString+Decorator.h"; sourceTree = "<group>"; };
		90C9510912B6A16C00A8A05F /* TheBoxAppDelegate.h */ = {isa = PBXFileReference; fileEncoding = 4; lastKnownFileType = sourcecode.c.h; path = TheBoxAppDelegate.h; sourceTree = "<group>"; };
		90C9510A12B6A16C00A8A05F /* TheBoxBundle.h */ = {isa = PBXFileReference; fileEncoding = 4; lastKnownFileType = sourcecode.c.h; path = TheBoxBundle.h; sourceTree = "<group>"; };
		90C9510D12B6A16C00A8A05F /* TheBoxLocationService.h */ = {isa = PBXFileReference; fileEncoding = 4; lastKnownFileType = sourcecode.c.h; path = TheBoxLocationService.h; sourceTree = "<group>"; };
		90C9510E12B6A16C00A8A05F /* TheBoxLocationServiceDelegate.h */ = {isa = PBXFileReference; fileEncoding = 4; lastKnownFileType = sourcecode.c.h; path = TheBoxLocationServiceDelegate.h; sourceTree = "<group>"; };
		90C9510F12B6A16C00A8A05F /* TheBoxNotifications.h */ = {isa = PBXFileReference; fileEncoding = 4; lastKnownFileType = sourcecode.c.h; path = TheBoxNotifications.h; sourceTree = "<group>"; };
		90C9511012B6A16C00A8A05F /* TheBoxRect.h */ = {isa = PBXFileReference; fileEncoding = 4; lastKnownFileType = sourcecode.c.h; path = TheBoxRect.h; sourceTree = "<group>"; };
		90C9511112B6A16C00A8A05F /* TheBoxSize.h */ = {isa = PBXFileReference; fileEncoding = 4; lastKnownFileType = sourcecode.c.h; path = TheBoxSize.h; sourceTree = "<group>"; };
		90C9511212B6A16C00A8A05F /* TheBoxUICell.h */ = {isa = PBXFileReference; fileEncoding = 4; lastKnownFileType = sourcecode.c.h; path = TheBoxUICell.h; sourceTree = "<group>"; };
		90C9511812B6A16C00A8A05F /* TheBoxUIGridViewController.h */ = {isa = PBXFileReference; fileEncoding = 4; lastKnownFileType = sourcecode.c.h; path = TheBoxUIGridViewController.h; sourceTree = "<group>"; };
		90C9511912B6A16C00A8A05F /* TheBoxUIScrollViewDatasource.h */ = {isa = PBXFileReference; fileEncoding = 4; lastKnownFileType = sourcecode.c.h; path = TheBoxUIScrollViewDatasource.h; sourceTree = "<group>"; };
		90C9511A12B6A16C00A8A05F /* TheBoxUIList.h */ = {isa = PBXFileReference; fileEncoding = 4; lastKnownFileType = sourcecode.c.h; path = TheBoxUIList.h; sourceTree = "<group>"; };
		90C9511B12B6A16C00A8A05F /* TheBoxUIRecycleStrategy.h */ = {isa = PBXFileReference; fileEncoding = 4; lastKnownFileType = sourcecode.c.h; path = TheBoxUIRecycleStrategy.h; sourceTree = "<group>"; };
		90C9511C12B6A16C00A8A05F /* TheBoxUIRecycleStrategyMethod.h */ = {isa = PBXFileReference; fileEncoding = 4; lastKnownFileType = sourcecode.c.h; path = TheBoxUIRecycleStrategyMethod.h; sourceTree = "<group>"; };
		90C9511F12B6A16C00A8A05F /* TheBoxUIGridViewDatasource.h */ = {isa = PBXFileReference; fileEncoding = 4; lastKnownFileType = sourcecode.c.h; path = TheBoxUIGridViewDatasource.h; sourceTree = "<group>"; };
		90C9512012B6A16C00A8A05F /* TheBoxVisibleStrategy.h */ = {isa = PBXFileReference; fileEncoding = 4; lastKnownFileType = sourcecode.c.h; path = TheBoxVisibleStrategy.h; sourceTree = "<group>"; };
		90C9512212B6A16C00A8A05F /* UploadUIViewController.h */ = {isa = PBXFileReference; fileEncoding = 4; lastKnownFileType = sourcecode.c.h; path = UploadUIViewController.h; sourceTree = "<group>"; };
		90C9512312B6A16C00A8A05F /* UserProfilesView.h */ = {isa = PBXFileReference; fileEncoding = 4; lastKnownFileType = sourcecode.c.h; path = UserProfilesView.h; sourceTree = "<group>"; };
		90C9512412B6A16C00A8A05F /* UserProfileView.h */ = {isa = PBXFileReference; fileEncoding = 4; lastKnownFileType = sourcecode.c.h; path = UserProfileView.h; sourceTree = "<group>"; };
		90C9512512B6A16C00A8A05F /* VisibleStrategy.h */ = {isa = PBXFileReference; fileEncoding = 4; lastKnownFileType = sourcecode.c.h; path = VisibleStrategy.h; sourceTree = "<group>"; };
		90CBFE56154BEEAA00349A13 /* add_button_highlighted_color.png */ = {isa = PBXFileReference; lastKnownFileType = image.png; path = add_button_highlighted_color.png; sourceTree = "<group>"; };
		90CBFE58154BEF4C00349A13 /* take_photo_button_highlighted_color.png */ = {isa = PBXFileReference; lastKnownFileType = image.png; path = take_photo_button_highlighted_color.png; sourceTree = "<group>"; };
		90CBFE5A154BEFF800349A13 /* select_location_button_highlighed_color.png */ = {isa = PBXFileReference; lastKnownFileType = image.png; path = select_location_button_highlighed_color.png; sourceTree = "<group>"; };
		90CBFE5C154BF1B600349A13 /* add_category_button_highlighted_color.png */ = {isa = PBXFileReference; lastKnownFileType = image.png; path = add_category_button_highlighted_color.png; sourceTree = "<group>"; };
		90CBFE5E154BF58F00349A13 /* poweredByFoursquare_gray.png */ = {isa = PBXFileReference; lastKnownFileType = image.png; path = poweredByFoursquare_gray.png; sourceTree = "<group>"; };
		90CBFE60154C349200349A13 /* add_item.png */ = {isa = PBXFileReference; lastKnownFileType = image.png; path = add_item.png; sourceTree = "<group>"; };
		90CBFE69154D4ACA00349A13 /* thewho.jpg */ = {isa = PBXFileReference; lastKnownFileType = image.jpeg; path = thewho.jpg; sourceTree = "<group>"; };
		90CBFE6A154D4ACA00349A13 /* koboloi.JPG */ = {isa = PBXFileReference; lastKnownFileType = image.jpeg; path = koboloi.JPG; sourceTree = "<group>"; };
		90CBFE6B154D4ACA00349A13 /* hat.jpg */ = {isa = PBXFileReference; lastKnownFileType = image.jpeg; path = hat.jpg; sourceTree = "<group>"; };
		90CBFE6C154D4ACA00349A13 /* earings.jpg */ = {isa = PBXFileReference; lastKnownFileType = image.jpeg; path = earings.jpg; sourceTree = "<group>"; };
		90CEADEB1349CDBD0084C5F0 /* TheBoxSizeTest.m */ = {isa = PBXFileReference; fileEncoding = 4; lastKnownFileType = sourcecode.c.objc; path = TheBoxSizeTest.m; sourceTree = "<group>"; };
		90D11E531531C97300D52F58 /* TheBoxTestEqualsPredicate.h */ = {isa = PBXFileReference; fileEncoding = 4; lastKnownFileType = sourcecode.c.h; name = TheBoxTestEqualsPredicate.h; path = Headers/TheBoxTestEqualsPredicate.h; sourceTree = "<group>"; };
		90D11E551531C97300D52F58 /* TheBoxTestRanking.h */ = {isa = PBXFileReference; fileEncoding = 4; lastKnownFileType = sourcecode.c.h; name = TheBoxTestRanking.h; path = Headers/TheBoxTestRanking.h; sourceTree = "<group>"; };
		90D11E561531C97300D52F58 /* UITestViews.h */ = {isa = PBXFileReference; fileEncoding = 4; lastKnownFileType = sourcecode.c.h; name = UITestViews.h; path = Headers/UITestViews.h; sourceTree = "<group>"; };
		90D11E571534C97500D52F58 /* TBLocationOperationDelegate.h */ = {isa = PBXFileReference; fileEncoding = 4; lastKnownFileType = sourcecode.c.h; name = TBLocationOperationDelegate.h; path = Headers/TBLocationOperationDelegate.h; sourceTree = "<group>"; };
		90D29AFF131A81FB008B8B2D /* CFNetwork.framework */ = {isa = PBXFileReference; lastKnownFileType = wrapper.framework; name = CFNetwork.framework; path = System/Library/Frameworks/CFNetwork.framework; sourceTree = SDKROOT; };
		90D29B07131A820F008B8B2D /* SystemConfiguration.framework */ = {isa = PBXFileReference; lastKnownFileType = wrapper.framework; name = SystemConfiguration.framework; path = System/Library/Frameworks/SystemConfiguration.framework; sourceTree = SDKROOT; };
		90D29B0B131A8219008B8B2D /* MobileCoreServices.framework */ = {isa = PBXFileReference; lastKnownFileType = wrapper.framework; name = MobileCoreServices.framework; path = System/Library/Frameworks/MobileCoreServices.framework; sourceTree = SDKROOT; };
		90D830D812B51BDF00BE4470 /* TheBoxBundle.m */ = {isa = PBXFileReference; fileEncoding = 4; lastKnownFileType = sourcecode.c.objc; path = TheBoxBundle.m; sourceTree = "<group>"; };
		90D830F312B51DA400BE4470 /* TheBoxUICell.xib */ = {isa = PBXFileReference; lastKnownFileType = file.xib; path = TheBoxUICell.xib; sourceTree = "<group>"; };
		90D9A93E12B921950063FF60 /* Item.m */ = {isa = PBXFileReference; fileEncoding = 4; lastKnownFileType = sourcecode.c.objc; path = Item.m; sourceTree = "<group>"; };
		90D9A96312B924130063FF60 /* TheBoxMath.m */ = {isa = PBXFileReference; fileEncoding = 4; lastKnownFileType = sourcecode.c.objc; path = TheBoxMath.m; sourceTree = "<group>"; };
		90E3592A1546333700075ABF /* default_item_thumb.png */ = {isa = PBXFileReference; lastKnownFileType = image.png; path = default_item_thumb.png; sourceTree = "<group>"; };
		90E3592F1546348E00075ABF /* NSCache+TBCache.m */ = {isa = PBXFileReference; fileEncoding = 4; lastKnownFileType = sourcecode.c.objc; path = "NSCache+TBCache.m"; sourceTree = "<group>"; };
		90E359311546359B00075ABF /* NSCache+TBCache.h */ = {isa = PBXFileReference; fileEncoding = 4; lastKnownFileType = sourcecode.c.h; name = "NSCache+TBCache.h"; path = "../Classes/NSCache+TBCache.h"; sourceTree = "<group>"; };
		90EC895C154B62E10009F73E /* WelcomeUIViewController.m */ = {isa = PBXFileReference; fileEncoding = 4; lastKnownFileType = sourcecode.c.objc; name = WelcomeUIViewController.m; path = Classes/WelcomeUIViewController.m; sourceTree = "<group>"; };
		90EC895E154B62E90009F73E /* WelcomeUIViewController.h */ = {isa = PBXFileReference; fileEncoding = 4; lastKnownFileType = sourcecode.c.h; name = WelcomeUIViewController.h; path = Headers/WelcomeUIViewController.h; sourceTree = "<group>"; };
		90F08272132AED5200E7E35F /* UITextField+TheBoxUITextField.m */ = {isa = PBXFileReference; fileEncoding = 4; lastKnownFileType = sourcecode.c.objc; path = "UITextField+TheBoxUITextField.m"; sourceTree = "<group>"; };
		90F08275132AEDA000E7E35F /* UITextField+TheBoxUITextField.h */ = {isa = PBXFileReference; fileEncoding = 4; lastKnownFileType = sourcecode.c.h; path = "UITextField+TheBoxUITextField.h"; sourceTree = "<group>"; };
		90F9FDE3154D97C5001BCD66 /* icon@2x.png */ = {isa = PBXFileReference; lastKnownFileType = image.png; path = "icon@2x.png"; sourceTree = "<group>"; };
		90F9FDE5154D97D0001BCD66 /* icon.png */ = {isa = PBXFileReference; lastKnownFileType = image.png; path = icon.png; sourceTree = "<group>"; };
		90FDDF011538E57B0080A550 /* TBCategoriesOperationDelegate.h */ = {isa = PBXFileReference; fileEncoding = 4; lastKnownFileType = sourcecode.c.h; path = TBCategoriesOperationDelegate.h; sourceTree = "<group>"; };
		A152E550130D7A6000514061 /* Entitlement.plist */ = {isa = PBXFileReference; fileEncoding = 4; lastKnownFileType = text.plist.xml; path = Entitlement.plist; sourceTree = "<group>"; };
		BD1C3E0B15679668007769CE /* TBUIRibbon.h */ = {isa = PBXFileReference; fileEncoding = 4; lastKnownFileType = sourcecode.c.h; path = TBUIRibbon.h; sourceTree = "<group>"; };
		BD1C3E0C15679668007769CE /* TBUIRibbon.m */ = {isa = PBXFileReference; fileEncoding = 4; lastKnownFileType = sourcecode.c.objc; path = TBUIRibbon.m; sourceTree = "<group>"; };
		BDE0DBB1155EC1B600B474DC /* TBUpdateItemOperationDelegate.h */ = {isa = PBXFileReference; lastKnownFileType = sourcecode.c.h; path = TBUpdateItemOperationDelegate.h; sourceTree = "<group>"; };
		BDE0DBB4155FE13000B474DC /* thebox_tabbaritem.png */ = {isa = PBXFileReference; lastKnownFileType = image.png; name = thebox_tabbaritem.png; path = ../../../../../Shares/g.pavloudis/ICONS/thebox_tabbaritem.png; sourceTree = "<group>"; };
		BDE1E83415683FF800CF10CF /* TBUIView.h */ = {isa = PBXFileReference; fileEncoding = 4; lastKnownFileType = sourcecode.c.h; path = TBUIView.h; sourceTree = "<group>"; };
		BDE1E83515683FF800CF10CF /* TBUIView.m */ = {isa = PBXFileReference; fileEncoding = 4; lastKnownFileType = sourcecode.c.objc; path = TBUIView.m; sourceTree = "<group>"; };
		C01FCF5008A954540054247D /* CanIndexLocationInView.h */ = {isa = PBXFileReference; fileEncoding = 4; lastKnownFileType = sourcecode.c.h; path = CanIndexLocationInView.h; sourceTree = "<group>"; };
/* End PBXFileReference section */

/* Begin PBXFrameworksBuildPhase section */
		1D60588F0D05DD3D006BFB54 /* Frameworks */ = {
			isa = PBXFrameworksBuildPhase;
			buildActionMask = 2147483647;
			files = (
				908363FA140070DC00E5AAAF /* SystemConfiguration.framework in Frameworks */,
				908363F9140070DC00E5AAAF /* CFNetwork.framework in Frameworks */,
				908363FB140070DC00E5AAAF /* MobileCoreServices.framework in Frameworks */,
				908363FC140070DC00E5AAAF /* CoreLocation.framework in Frameworks */,
				908363FD140070DC00E5AAAF /* MapKit.framework in Frameworks */,
				908363FE140070DC00E5AAAF /* UIKit.framework in Frameworks */,
				908363FF140070DC00E5AAAF /* Foundation.framework in Frameworks */,
				90836400140070DC00E5AAAF /* CoreGraphics.framework in Frameworks */,
				908364011400712200E5AAAF /* libz.dylib in Frameworks */,
				5F9827F9217C44B8AD727320 /* libPods.a in Frameworks */,
				9089482515533980009188B4 /* libTestFlight.a in Frameworks */,
			);
			runOnlyForDeploymentPostprocessing = 0;
		};
		908363C814006BF000E5AAAF /* Frameworks */ = {
			isa = PBXFrameworksBuildPhase;
			buildActionMask = 2147483647;
			files = (
				9083640A1400752500E5AAAF /* UIKit.framework in Frameworks */,
				9083640C1400752500E5AAAF /* CoreGraphics.framework in Frameworks */,
				908363CD14006BF000E5AAAF /* SenTestingKit.framework in Frameworks */,
				908364051400752500E5AAAF /* CFNetwork.framework in Frameworks */,
				908364061400752500E5AAAF /* SystemConfiguration.framework in Frameworks */,
				908364071400752500E5AAAF /* MobileCoreServices.framework in Frameworks */,
				908364081400752500E5AAAF /* CoreLocation.framework in Frameworks */,
				908364091400752500E5AAAF /* MapKit.framework in Frameworks */,
				9083640B1400752500E5AAAF /* Foundation.framework in Frameworks */,
				9083640D1400752A00E5AAAF /* libz.dylib in Frameworks */,
				808024AA1C554DCAB46088C3 /* libPods.a in Frameworks */,
			);
			runOnlyForDeploymentPostprocessing = 0;
		};
/* End PBXFrameworksBuildPhase section */

/* Begin PBXGroup section */
		080E96DDFE201D6D7F000001 /* Classes */ = {
			isa = PBXGroup;
			children = (
				90E3592F1546348E00075ABF /* NSCache+TBCache.m */,
				28AD733E0D9D9553002E5188 /* MainWindow.xib */,
				90D830F312B51DA400BE4470 /* TheBoxUICell.xib */,
				9096CC07133BB81E00639685 /* TheBoxQueries.m */,
				90BBA77212BD036E001B97D9 /* UIView+TheBoxUIView.m */,
				90C0048E12B6437B0029863E /* TheBoxRect.m */,
				90C0038D12B63C0E0029863E /* TheBoxSize.m */,
				90D830D812B51BDF00BE4470 /* TheBoxBundle.m */,
				903367ED129C5F510046C59D /* TheBoxUIGridViewController.m */,
				904D3EB112A13F6B00F70930 /* TheBoxVisibleStrategy.m */,
				905A4F941291DBBA00BCB475 /* TheBoxUIList.m */,
				90C2ECA312930C08009195CF /* TheBoxLocationService.m */,
				90C2EE7812934108009195CF /* TheBoxNotifications.m */,
				9053948F1288847500FD381C /* TheBoxUICell.m */,
				90F08272132AED5200E7E35F /* UITextField+TheBoxUITextField.m */,
				9056A5A612900416006C148A /* NSArray+Decorator.m */,
				9056A5DF1290065F006C148A /* NSString+Decorator.m */,
				904D3E6112A13BDA00F70930 /* TheBoxUIRecycleStrategy.m */,
				90D9A93E12B921950063FF60 /* Item.m */,
				90D9A96312B924130063FF60 /* TheBoxMath.m */,
				90A6C4521300822C00AEEE9F /* TheBoxUIScrollView.m */,
				90A1E51D133CC10000CC9212 /* TheBoxCache.m */,
				90226B90135999D1006E43EC /* TheBoxBinarySearch.m */,
				90226C6C1359B1DB006E43EC /* TheBoxPredicates.m */,
				90A5FCCF1387CC1F004E65B3 /* TheBoxUIGridView.m */,
				90C2A47A1526679B00AC16B6 /* TheBoxDefaultKeyboardObserver.m */,
				9022BAA0153EA7CC00AB2418 /* NSMutableDictionary+TBMutableDictionary.m */,
				90894828155349DE009188B4 /* NSDictionary+TBDictionary.h */,
				90894829155349DE009188B4 /* NSDictionary+TBDictionary.m */,
				BD1C3E0B15679668007769CE /* TBUIRibbon.h */,
				BD1C3E0C15679668007769CE /* TBUIRibbon.m */,
				BDE1E83415683FF800CF10CF /* TBUIView.h */,
				BDE1E83515683FF800CF10CF /* TBUIView.m */,
			);
			path = Classes;
			sourceTree = "<group>";
		};
		19C28FACFE9D520D11CA2CBB /* Products */ = {
			isa = PBXGroup;
			children = (
				1D6058910D05DD3D006BFB54 /* thebox.app */,
				908363CC14006BF000E5AAAF /* TheBoxUnitTests.octest */,
			);
			name = Products;
			sourceTree = "<group>";
		};
		29B97314FDCFA39411CA2CEA /* CustomTemplate */ = {
			isa = PBXGroup;
			children = (
				90C950FA12B6A10700A8A05F /* Headers */,
				080E96DDFE201D6D7F000001 /* Classes */,
				903AE3E21284BE2100A8FB28 /* Welcome */,
				903AE3FD12853F9D00A8FB28 /* Home */,
				903AE40012853FBE00A8FB28 /* Details */,
				903AE40312853FD500A8FB28 /* Description */,
				903AE40412853FDF00A8FB28 /* Upload */,
				902C78EF153CB603003A17CB /* Categories */,
				905A4F9C1291DE6F00BCB475 /* Location */,
				29B97315FDCFA39411CA2CEA /* Other Sources */,
				29B97323FDCFA39411CA2CEA /* Frameworks */,
				90D8304012B506D900BE4470 /* Tests */,
				19C28FACFE9D520D11CA2CBB /* Products */,
				90454B01154DBBCA0064D998 /* External */,
				90E359291546333700075ABF /* Supporting Files */,
				8D1107310486CEB800E47090 /* TheBox-Info.plist */,
				908363D614006BF100E5AAAF /* TheBoxUnitTests-Info.plist */,
				A152E550130D7A6000514061 /* Entitlement.plist */,
				90F9FDE5154D97D0001BCD66 /* icon.png */,
				90454B04154DE5DF0064D998 /* icon-72.png */,
				90F9FDE3154D97C5001BCD66 /* icon@2x.png */,
				357DF359FDFE4E56B5D134F8 /* Pods.xcconfig */,
			);
			name = CustomTemplate;
			sourceTree = "<group>";
		};
		29B97315FDCFA39411CA2CEA /* Other Sources */ = {
			isa = PBXGroup;
			children = (
				1D3623250D0F684500981E51 /* TheBoxAppDelegate.m */,
				32CA4F630368D1EE00C91783 /* TheBox_Prefix.pch */,
				908363DE14006BF100E5AAAF /* TheBoxUnitTests-Prefix.pch */,
				29B97316FDCFA39411CA2CEA /* main.m */,
			);
			name = "Other Sources";
			sourceTree = "<group>";
		};
		29B97323FDCFA39411CA2CEA /* Frameworks */ = {
			isa = PBXGroup;
			children = (
				908363A61400659200E5AAAF /* libz.dylib */,
				90A1E2C1133C89D800CC9212 /* SenTestingKit.framework */,
				90D29AFF131A81FB008B8B2D /* CFNetwork.framework */,
				90D29B07131A820F008B8B2D /* SystemConfiguration.framework */,
				90D29B0B131A8219008B8B2D /* MobileCoreServices.framework */,
				905A503A1291E4AC00BCB475 /* CoreLocation.framework */,
				905A4FE11291E15400BCB475 /* MapKit.framework */,
				1DF5F4DF0D08C38300B7A737 /* UIKit.framework */,
				1D30AB110D05D00D00671497 /* Foundation.framework */,
				288765FC0DF74451002DB57D /* CoreGraphics.framework */,
				45C9A33A307C4A318C23060B /* libPods.a */,
			);
			name = Frameworks;
			sourceTree = "<group>";
		};
		902C78EF153CB603003A17CB /* Categories */ = {
			isa = PBXGroup;
			children = (
			);
			name = Categories;
			sourceTree = "<group>";
		};
		903AE3E21284BE2100A8FB28 /* Welcome */ = {
			isa = PBXGroup;
			children = (
				90EC895E154B62E90009F73E /* WelcomeUIViewController.h */,
				90EC895C154B62E10009F73E /* WelcomeUIViewController.m */,
				903AE3E71284BF7500A8FB28 /* WelcomeUIViewController.xib */,
			);
			name = Welcome;
			sourceTree = "<group>";
		};
		903AE3FD12853F9D00A8FB28 /* Home */ = {
			isa = PBXGroup;
			children = (
				902FDA8C12ABACF200CE1161 /* HomeUIGridViewController.m */,
				903AE3D91284900300A8FB28 /* HomeUIGridViewController.xib */,
				9020737C152CF1340017A385 /* TBItemsOperationDelegate.h */,
				90539C6D1537670800559AD0 /* TBCreateItemOperationDelegate.h */,
			);
			name = Home;
			sourceTree = "<group>";
		};
		903AE40012853FBE00A8FB28 /* Details */ = {
			isa = PBXGroup;
			children = (
				90B56BE31534D3E10064CB4E /* DetailsUIViewController.h */,
				90B56BE41534D3E10064CB4E /* DetailsUIViewController.m */,
				903AE5031285E1C300A8FB28 /* UserProfileView.m */,
				903AE5071285E1F800A8FB28 /* UserProfilesView.m */,
				903AE4EB1285BE6500A8FB28 /* DetailsUIViewController.xib */,
				903AE4F51285CBD800A8FB28 /* UserProfiles.xib */,
				903AE4ED1285C9A600A8FB28 /* UserProfile.xib */,
			);
			name = Details;
			sourceTree = "<group>";
		};
		903AE40312853FD500A8FB28 /* Description */ = {
			isa = PBXGroup;
			children = (
			);
			name = Description;
			sourceTree = "<group>";
		};
		903AE40412853FDF00A8FB28 /* Upload */ = {
			isa = PBXGroup;
			children = (
				9053953112888AF000FD381C /* UploadUIViewController.m */,
				903AE5601285E33600A8FB28 /* UploadUIViewController.xib */,
			);
			name = Upload;
			sourceTree = "<group>";
		};
		90454B01154DBBCA0064D998 /* External */ = {
			isa = PBXGroup;
			children = (
				9089482415533980009188B4 /* libTestFlight.a */,
			);
			path = External;
			sourceTree = "<group>";
		};
		905A4F9C1291DE6F00BCB475 /* Location */ = {
			isa = PBXGroup;
			children = (
				905A4F991291DE6400BCB475 /* LocationUIViewController.m */,
				905A4FB91291DEB400BCB475 /* LocationUIViewController.xib */,
				90D11E571534C97500D52F58 /* TBLocationOperationDelegate.h */,
			);
			name = Location;
			sourceTree = "<group>";
		};
		90A1E564133CC64D00CC9212 /* Resources */ = {
			isa = PBXGroup;
			children = (
				90A1E578133CC68A00CC9212 /* UITestViews.m */,
				90226C071359AA14006E43EC /* TheBoxTestRanking.m */,
			);
			path = Resources;
			sourceTree = "<group>";
		};
		90A1E565133CC65A00CC9212 /* Classes */ = {
			isa = PBXGroup;
			children = (
				902FE726155B197200C67B2E /* UploadUIViewControllerTest.m */,
				90A1E57E133CC68F00CC9212 /* TheBoxUICellRecycleStrategyTest.m */,
				90A1E57F133CC68F00CC9212 /* TheBoxUICellVisibleStrategyTest.m */,
				90A1E580133CC68F00CC9212 /* TheBoxUIRecycleStrategyTest.m */,
				90CEADEB1349CDBD0084C5F0 /* TheBoxSizeTest.m */,
				90417326134B0F1500F18F95 /* TheBoxRectTest.m */,
				90226BF81359A983006E43EC /* TheBoxBinarySearchTest.m */,
				900378A015409DBD00579FF2 /* TheBoxVisibleStrategyTest.m */,
				909F9F3415442A5600D1E7AE /* TheBoxUIGridViewTest.m */,
				90428D38154B405D0090D280 /* TheBoxUIScrollViewTest.m */,
			);
			path = Classes;
			sourceTree = "<group>";
		};
		90C950FA12B6A10700A8A05F /* Headers */ = {
			isa = PBXGroup;
			children = (
				C01FCF5008A954540054247D /* CanIndexLocationInView.h */,
				9094243E142E44380084C40C /* TheBoxUIGridViewDelegate.h */,
				90A5FCCE1387CC1F004E65B3 /* TheBoxUIGridView.h */,
				90226C6B1359B1DB006E43EC /* TheBoxPredicates.h */,
				90226B8F135999D1006E43EC /* TheBoxBinarySearch.h */,
				90A1E51C133CC10000CC9212 /* TheBoxCache.h */,
				9096CBE2133BB76700639685 /* Item.h */,
				9096CBD7133BB6FE00639685 /* TheBoxUIViewConfiguration.h */,
				90C9510212B6A16C00A8A05F /* HomeUIGridViewController.h */,
				90C9510412B6A16C00A8A05F /* LocationUIViewController.h */,
				90C9510512B6A16C00A8A05F /* NSArray+Decorator.h */,
				90C9510612B6A16C00A8A05F /* NSString+Decorator.h */,
				90C9510912B6A16C00A8A05F /* TheBoxAppDelegate.h */,
				9096CC0B133BB85300639685 /* TheBoxMath.h */,
				9096CC0D133BB85300639685 /* TheBoxQueries.h */,
				9096CC0E133BB85400639685 /* TheBoxUIScrollView.h */,
				9096CC0F133BB85400639685 /* UIView+TheBoxUIView.h */,
				90C9510A12B6A16C00A8A05F /* TheBoxBundle.h */,
				90C9510D12B6A16C00A8A05F /* TheBoxLocationService.h */,
				90C9510E12B6A16C00A8A05F /* TheBoxLocationServiceDelegate.h */,
				90C9510F12B6A16C00A8A05F /* TheBoxNotifications.h */,
				90C9511012B6A16C00A8A05F /* TheBoxRect.h */,
				90C9511112B6A16C00A8A05F /* TheBoxSize.h */,
				90C9511212B6A16C00A8A05F /* TheBoxUICell.h */,
				90C9511812B6A16C00A8A05F /* TheBoxUIGridViewController.h */,
				90C9511912B6A16C00A8A05F /* TheBoxUIScrollViewDatasource.h */,
				90C9511A12B6A16C00A8A05F /* TheBoxUIList.h */,
				90C9511B12B6A16C00A8A05F /* TheBoxUIRecycleStrategy.h */,
				90C9511C12B6A16C00A8A05F /* TheBoxUIRecycleStrategyMethod.h */,
				90C9511F12B6A16C00A8A05F /* TheBoxUIGridViewDatasource.h */,
				90C9512012B6A16C00A8A05F /* TheBoxVisibleStrategy.h */,
				90C9512212B6A16C00A8A05F /* UploadUIViewController.h */,
				90C9512312B6A16C00A8A05F /* UserProfilesView.h */,
				90C9512412B6A16C00A8A05F /* UserProfileView.h */,
				90C9512512B6A16C00A8A05F /* VisibleStrategy.h */,
				90F08275132AEDA000E7E35F /* UITextField+TheBoxUITextField.h */,
				90C2A4791526679B00AC16B6 /* TheBoxDefaultKeyboardObserver.h */,
				90FDDF011538E57B0080A550 /* TBCategoriesOperationDelegate.h */,
				9022BA9F153EA7CC00AB2418 /* NSMutableDictionary+TBMutableDictionary.h */,
				90E359311546359B00075ABF /* NSCache+TBCache.h */,
				BDE0DBB1155EC1B600B474DC /* TBUpdateItemOperationDelegate.h */,
			);
			path = Headers;
			sourceTree = "<group>";
		};
		90CBFE68154D4ACA00349A13 /* welcome */ = {
			isa = PBXGroup;
			children = (
				90CBFE69154D4ACA00349A13 /* thewho.jpg */,
				90CBFE6A154D4ACA00349A13 /* koboloi.JPG */,
				90CBFE6B154D4ACA00349A13 /* hat.jpg */,
				90CBFE6C154D4ACA00349A13 /* earings.jpg */,
			);
			path = welcome;
			sourceTree = "<group>";
		};
		90D11E4C1531C81100D52F58 /* Headers */ = {
			isa = PBXGroup;
			children = (
				90D11E531531C97300D52F58 /* TheBoxTestEqualsPredicate.h */,
				90D11E551531C97300D52F58 /* TheBoxTestRanking.h */,
				90D11E561531C97300D52F58 /* UITestViews.h */,
			);
			name = Headers;
			sourceTree = "<group>";
		};
		90D8304012B506D900BE4470 /* Tests */ = {
			isa = PBXGroup;
			children = (
				90D11E4C1531C81100D52F58 /* Headers */,
				90A1E565133CC65A00CC9212 /* Classes */,
				90A1E564133CC64D00CC9212 /* Resources */,
			);
			path = Tests;
			sourceTree = "<group>";
		};
		90E359291546333700075ABF /* Supporting Files */ = {
			isa = PBXGroup;
			children = (
				90CBFE68154D4ACA00349A13 /* welcome */,
				90CBFE60154C349200349A13 /* add_item.png */,
				90CBFE5E154BF58F00349A13 /* poweredByFoursquare_gray.png */,
				90CBFE5C154BF1B600349A13 /* add_category_button_highlighted_color.png */,
				90CBFE58154BEF4C00349A13 /* take_photo_button_highlighted_color.png */,
				90CBFE56154BEEAA00349A13 /* add_button_highlighted_color.png */,
				90E3592A1546333700075ABF /* default_item_thumb.png */,
				90CBFE5A154BEFF800349A13 /* select_location_button_highlighed_color.png */,
				9089482615534395009188B4 /* add_new_section.png */,
				BDE0DBB4155FE13000B474DC /* thebox_tabbaritem.png */,
			);
			path = "Supporting Files";
			sourceTree = "<group>";
		};
/* End PBXGroup section */

/* Begin PBXNativeTarget section */
		1D6058900D05DD3D006BFB54 /* thebox */ = {
			isa = PBXNativeTarget;
			buildConfigurationList = 1D6058960D05DD3E006BFB54 /* Build configuration list for PBXNativeTarget "thebox" */;
			buildPhases = (
				1D60588D0D05DD3D006BFB54 /* Resources */,
				1D60588E0D05DD3D006BFB54 /* Sources */,
				1D60588F0D05DD3D006BFB54 /* Frameworks */,
				1249C2DE2CCC45C08200A4E7 /* Copy Pods Resources */,
			);
			buildRules = (
			);
			dependencies = (
			);
			name = thebox;
			productName = TheBox;
			productReference = 1D6058910D05DD3D006BFB54 /* thebox.app */;
			productType = "com.apple.product-type.application";
		};
		908363CB14006BF000E5AAAF /* TheBoxUnitTests */ = {
			isa = PBXNativeTarget;
			buildConfigurationList = 908363DF14006BF100E5AAAF /* Build configuration list for PBXNativeTarget "TheBoxUnitTests" */;
			buildPhases = (
				908363C714006BF000E5AAAF /* Sources */,
				908363C814006BF000E5AAAF /* Frameworks */,
				908363C914006BF000E5AAAF /* Resources */,
				908363CA14006BF000E5AAAF /* ShellScript */,
				1249C2DE2CCC45C08200A4E7 /* Copy Pods Resources */,
			);
			buildRules = (
			);
			dependencies = (
				9077D19B1402F3E200959726 /* PBXTargetDependency */,
			);
			name = TheBoxUnitTests;
			productName = TheBoxUnitTests;
			productReference = 908363CC14006BF000E5AAAF /* TheBoxUnitTests.octest */;
			productType = "com.apple.product-type.bundle";
		};
/* End PBXNativeTarget section */

/* Begin PBXProject section */
		29B97313FDCFA39411CA2CEA /* Project object */ = {
			isa = PBXProject;
			attributes = {
				CLASSPREFIX = TB;
				LastUpgradeCheck = 0430;
				ORGANIZATIONNAME = TheBox;
			};
			buildConfigurationList = C01FCF4E08A954540054247B /* Build configuration list for PBXProject "thebox" */;
			compatibilityVersion = "Xcode 3.2";
			developmentRegion = English;
			hasScannedForEncodings = 1;
			knownRegions = (
				English,
				Japanese,
				French,
				German,
				en,
			);
			mainGroup = 29B97314FDCFA39411CA2CEA /* CustomTemplate */;
			projectDirPath = "";
			projectRoot = "";
			targets = (
				1D6058900D05DD3D006BFB54 /* thebox */,
				908363CB14006BF000E5AAAF /* TheBoxUnitTests */,
			);
		};
/* End PBXProject section */

/* Begin PBXResourcesBuildPhase section */
		1D60588D0D05DD3D006BFB54 /* Resources */ = {
			isa = PBXResourcesBuildPhase;
			buildActionMask = 2147483647;
			files = (
				28AD733F0D9D9553002E5188 /* MainWindow.xib in Resources */,
				903AE3DA1284900300A8FB28 /* HomeUIGridViewController.xib in Resources */,
				903AE3E81284BF7500A8FB28 /* WelcomeUIViewController.xib in Resources */,
				903AE4EC1285BE6500A8FB28 /* DetailsUIViewController.xib in Resources */,
				903AE4EE1285C9A600A8FB28 /* UserProfile.xib in Resources */,
				903AE4F61285CBD800A8FB28 /* UserProfiles.xib in Resources */,
				903AE5611285E33600A8FB28 /* UploadUIViewController.xib in Resources */,
				905A4FBA1291DEB400BCB475 /* LocationUIViewController.xib in Resources */,
				90D830F412B51DA400BE4470 /* TheBoxUICell.xib in Resources */,
				90E3592C1546333700075ABF /* default_item_thumb.png in Resources */,
				90CBFE57154BEEAA00349A13 /* add_button_highlighted_color.png in Resources */,
				90CBFE59154BEF4C00349A13 /* take_photo_button_highlighted_color.png in Resources */,
				90CBFE5B154BEFF800349A13 /* select_location_button_highlighed_color.png in Resources */,
				90CBFE5D154BF1B600349A13 /* add_category_button_highlighted_color.png in Resources */,
				90CBFE5F154BF58F00349A13 /* poweredByFoursquare_gray.png in Resources */,
				90CBFE61154C349200349A13 /* add_item.png in Resources */,
				90CBFE6D154D4ACA00349A13 /* thewho.jpg in Resources */,
				90CBFE6E154D4ACA00349A13 /* koboloi.JPG in Resources */,
				90CBFE6F154D4ACA00349A13 /* hat.jpg in Resources */,
				90CBFE70154D4ACA00349A13 /* earings.jpg in Resources */,
				90F9FDE4154D97C5001BCD66 /* icon@2x.png in Resources */,
				90F9FDE6154D97D0001BCD66 /* icon.png in Resources */,
				90454B05154DE5DF0064D998 /* icon-72.png in Resources */,
				9089482715534395009188B4 /* add_new_section.png in Resources */,
			);
			runOnlyForDeploymentPostprocessing = 0;
		};
		908363C914006BF000E5AAAF /* Resources */ = {
			isa = PBXResourcesBuildPhase;
			buildActionMask = 2147483647;
			files = (
			);
			runOnlyForDeploymentPostprocessing = 0;
		};
/* End PBXResourcesBuildPhase section */

/* Begin PBXShellScriptBuildPhase section */
		1249C2DE2CCC45C08200A4E7 /* Copy Pods Resources */ = {
			isa = PBXShellScriptBuildPhase;
			buildActionMask = 2147483647;
			files = (
			);
			inputPaths = (
			);
			name = "Copy Pods Resources";
			outputPaths = (
			);
			runOnlyForDeploymentPostprocessing = 0;
			shellPath = /bin/sh;
			shellScript = "\"${SRCROOT}/Pods/Pods-resources.sh\"\n";
		};
		908363CA14006BF000E5AAAF /* ShellScript */ = {
			isa = PBXShellScriptBuildPhase;
			buildActionMask = 2147483647;
			files = (
			);
			inputPaths = (
			);
			outputPaths = (
			);
			runOnlyForDeploymentPostprocessing = 0;
			shellPath = /bin/sh;
			shellScript = "# Run the unit tests in this test bundle.\n\"${SYSTEM_DEVELOPER_DIR}/Tools/RunUnitTests\" 1> /tmp/RunUnitTests.out";
		};
/* End PBXShellScriptBuildPhase section */

/* Begin PBXSourcesBuildPhase section */
		1D60588E0D05DD3D006BFB54 /* Sources */ = {
			isa = PBXSourcesBuildPhase;
			buildActionMask = 2147483647;
			files = (
				90C2C35412B6C24E00829868 /* TheBoxSize.m in Sources */,
				90C2C35512B6C24E00829868 /* TheBoxBundle.m in Sources */,
				90C2C35712B6C24F00829868 /* TheBoxUIGridViewController.m in Sources */,
				90C2C35912B6C25000829868 /* TheBoxVisibleStrategy.m in Sources */,
				90C2C35D12B6C25200829868 /* TheBoxUIList.m in Sources */,
				90C2C35E12B6C25300829868 /* TheBoxLocationService.m in Sources */,
				90C2C35F12B6C25400829868 /* TheBoxNotifications.m in Sources */,
				90C2C36012B6C25500829868 /* TheBoxUICell.m in Sources */,
				90C2C36412B6C25800829868 /* NSArray+Decorator.m in Sources */,
				90C2C36512B6C25900829868 /* TheBoxRect.m in Sources */,
				90C2C36612B6C25A00829868 /* NSString+Decorator.m in Sources */,
				90C2C36A12B6C25C00829868 /* TheBoxUIRecycleStrategy.m in Sources */,
				90C2C37012B6C27000829868 /* HomeUIGridViewController.m in Sources */,
				90C2C37112B6C2A300829868 /* UserProfilesView.m in Sources */,
				90C2C37212B6C2A400829868 /* UserProfileView.m in Sources */,
				90C2C37312B6C2A900829868 /* UploadUIViewController.m in Sources */,
				90C2C37412B6C2AC00829868 /* LocationUIViewController.m in Sources */,
				90C2C37512B6C2AD00829868 /* TheBoxAppDelegate.m in Sources */,
				90C2C37612B6C2AE00829868 /* main.m in Sources */,
				90D9A93F12B921950063FF60 /* Item.m in Sources */,
				90D9A96412B924130063FF60 /* TheBoxMath.m in Sources */,
				90BBA77612BD0418001B97D9 /* UIView+TheBoxUIView.m in Sources */,
				90A6C4541300822C00AEEE9F /* TheBoxUIScrollView.m in Sources */,
				90F08273132AED5200E7E35F /* UITextField+TheBoxUITextField.m in Sources */,
				9096CC09133BB81E00639685 /* TheBoxQueries.m in Sources */,
				90A1E51E133CC10000CC9212 /* TheBoxCache.m in Sources */,
				90226B91135999D1006E43EC /* TheBoxBinarySearch.m in Sources */,
				90226C6E1359B1DB006E43EC /* TheBoxPredicates.m in Sources */,
				90A5FCD11387CC1F004E65B3 /* TheBoxUIGridView.m in Sources */,
				90C2A47B1526679C00AC16B6 /* TheBoxDefaultKeyboardObserver.m in Sources */,
				90B56BE51534D3E10064CB4E /* DetailsUIViewController.m in Sources */,
				9022BAA1153EA7CC00AB2418 /* NSMutableDictionary+TBMutableDictionary.m in Sources */,
				90E359301546348E00075ABF /* NSCache+TBCache.m in Sources */,
				90EC895D154B62E10009F73E /* WelcomeUIViewController.m in Sources */,
				9089482A155349DE009188B4 /* NSDictionary+TBDictionary.m in Sources */,
				BD1C3E0D15679668007769CE /* TBUIRibbon.m in Sources */,
				BDE1E83615683FF800CF10CF /* TBUIView.m in Sources */,
			);
			runOnlyForDeploymentPostprocessing = 0;
		};
		908363C714006BF000E5AAAF /* Sources */ = {
			isa = PBXSourcesBuildPhase;
			buildActionMask = 2147483647;
			files = (
				908363E614006C3B00E5AAAF /* TheBoxUICellRecycleStrategyTest.m in Sources */,
				908363E714006C3B00E5AAAF /* TheBoxUICellVisibleStrategyTest.m in Sources */,
				908363E814006C3B00E5AAAF /* TheBoxUIRecycleStrategyTest.m in Sources */,
				908363EE14006C3B00E5AAAF /* TheBoxSizeTest.m in Sources */,
				908363EF14006C3B00E5AAAF /* TheBoxRectTest.m in Sources */,
				908363F014006C3B00E5AAAF /* TheBoxBinarySearchTest.m in Sources */,
				908363F214006C5000E5AAAF /* UITestViews.m in Sources */,
				908363F614006C5000E5AAAF /* TheBoxTestRanking.m in Sources */,
				90C784001515E63C006D0381 /* TheBoxBundle.m in Sources */,
				900378A115409DBD00579FF2 /* TheBoxVisibleStrategyTest.m in Sources */,
				909F9F3515442A5600D1E7AE /* TheBoxUIGridViewTest.m in Sources */,
				90428D39154B405D0090D280 /* TheBoxUIScrollViewTest.m in Sources */,
				90F9FDE0154D54D8001BCD66 /* TheBoxUIRecycleStrategy.m in Sources */,
				9089482B155349DE009188B4 /* NSDictionary+TBDictionary.m in Sources */,
			);
			runOnlyForDeploymentPostprocessing = 0;
		};
/* End PBXSourcesBuildPhase section */

/* Begin PBXTargetDependency section */
		9077D19B1402F3E200959726 /* PBXTargetDependency */ = {
			isa = PBXTargetDependency;
			target = 1D6058900D05DD3D006BFB54 /* thebox */;
			targetProxy = 9077D19A1402F3E200959726 /* PBXContainerItemProxy */;
		};
/* End PBXTargetDependency section */

/* Begin XCBuildConfiguration section */
		1D6058940D05DD3E006BFB54 /* Debug */ = {
			isa = XCBuildConfiguration;
			baseConfigurationReference = 357DF359FDFE4E56B5D134F8 /* Pods.xcconfig */;
			buildSettings = {
				ALWAYS_SEARCH_USER_PATHS = YES;
				ARCHS = (
					armv7,
					armv6,
				);
				CLANG_ENABLE_OBJC_ARC = YES;
				CLANG_WARN_OBJCPP_ARC_ABI = YES;
				CODE_SIGN_IDENTITY = "iPhone Developer";
				COPY_PHASE_STRIP = NO;
				DSTROOT = /tmp/xcodeproj.dst;
				FRAMEWORK_SEARCH_PATHS = (
					"$(inherited)",
					"\"$(SRCROOT)/External\"",
				);
				GCC_DYNAMIC_NO_PIC = NO;
				GCC_OPTIMIZATION_LEVEL = 0;
				GCC_PRECOMPILE_PREFIX_HEADER = YES;
				GCC_PREFIX_HEADER = TheBox_Prefix.pch;
				GCC_SYMBOLS_PRIVATE_EXTERN = NO;
				GCC_THUMB_SUPPORT = NO;
				GCC_VERSION = com.apple.compilers.llvm.clang.1_0;
				INFOPLIST_FILE = "TheBox-Info.plist";
				INSTALL_PATH = "$(LOCAL_APPS_DIR)";
				IPHONEOS_DEPLOYMENT_TARGET = 4.2;
				LIBRARY_SEARCH_PATHS = (
					"$(inherited)",
					"\"$(SRCROOT)/Pods/TestFlightSDK\"",
				);
				MACH_O_TYPE = mh_execute;
				OTHER_LDFLAGS = (
					"-ObjC",
					"-all_load",
					"-framework",
					SystemConfiguration,
					"-framework",
					MobileCoreServices,
					"-framework",
					CFNetwork,
					"-framework",
					CoreGraphics,
					"-lz.1",
					"-framework",
					SystemConfiguration,
				);
				PRODUCT_NAME = "${TARGET_NAME}";
				PROVISIONING_PROFILE = "";
				RUN_CLANG_STATIC_ANALYZER = YES;
				SCAN_ALL_SOURCE_FILES_FOR_INCLUDES = YES;
				SDKROOT = iphoneos;
				SKIP_INSTALL = NO;
				SYMROOT = build;
				TARGETED_DEVICE_FAMILY = 1;
				TEST_AFTER_BUILD = YES;
				USER_HEADER_SEARCH_PATHS = "";
				VALIDATE_PRODUCT = NO;
			};
			name = Debug;
		};
		1D6058950D05DD3E006BFB54 /* Release */ = {
			isa = XCBuildConfiguration;
			baseConfigurationReference = 357DF359FDFE4E56B5D134F8 /* Pods.xcconfig */;
			buildSettings = {
				ALWAYS_SEARCH_USER_PATHS = YES;
				ARCHS = (
					armv7,
					armv6,
				);
				CLANG_ENABLE_OBJC_ARC = YES;
				CLANG_WARN_OBJCPP_ARC_ABI = YES;
				CODE_SIGN_IDENTITY = "iPhone Distribution";
				COPY_PHASE_STRIP = NO;
				DSTROOT = /tmp/xcodeproj.dst;
				FRAMEWORK_SEARCH_PATHS = (
					"$(inherited)",
					"\"$(SRCROOT)/External\"",
				);
				GCC_PRECOMPILE_PREFIX_HEADER = YES;
				GCC_PREFIX_HEADER = TheBox_Prefix.pch;
				GCC_SYMBOLS_PRIVATE_EXTERN = NO;
				GCC_THUMB_SUPPORT = NO;
				GCC_VERSION = com.apple.compilers.llvm.clang.1_0;
				INFOPLIST_FILE = "TheBox-Info.plist";
				INSTALL_PATH = "$(LOCAL_APPS_DIR)";
				IPHONEOS_DEPLOYMENT_TARGET = 4.2;
				LIBRARY_SEARCH_PATHS = (
					"$(inherited)",
					"\"$(SRCROOT)/Pods/TestFlightSDK\"",
				);
				MACH_O_TYPE = mh_execute;
				OTHER_LDFLAGS = (
					"-ObjC",
					"-all_load",
					"-framework",
					SystemConfiguration,
					"-framework",
					MobileCoreServices,
					"-framework",
					CFNetwork,
					"-framework",
					CoreGraphics,
					"-lz.1",
					"-framework",
					SystemConfiguration,
				);
				PRODUCT_NAME = "${TARGET_NAME}";
				PROVISIONING_PROFILE = "";
				RUN_CLANG_STATIC_ANALYZER = YES;
				SCAN_ALL_SOURCE_FILES_FOR_INCLUDES = YES;
				SDKROOT = iphoneos;
				SKIP_INSTALL = NO;
				SYMROOT = build;
				TARGETED_DEVICE_FAMILY = 1;
				TEST_AFTER_BUILD = YES;
				USER_HEADER_SEARCH_PATHS = "";
				VALIDATE_PRODUCT = YES;
			};
			name = Release;
		};
		908363E014006BF100E5AAAF /* Debug */ = {
			isa = XCBuildConfiguration;
			baseConfigurationReference = 357DF359FDFE4E56B5D134F8 /* Pods.xcconfig */;
			buildSettings = {
				ALWAYS_SEARCH_USER_PATHS = YES;
				ARCHS = "$(ARCHS_STANDARD_32_BIT)";
				BUNDLE_LOADER = "${TARGET_BUILD_DIR}/thebox.app/thebox";
				CLANG_ENABLE_OBJC_ARC = YES;
				COPY_PHASE_STRIP = NO;
				DSTROOT = /tmp/xcodeproj.dst;
				FRAMEWORK_SEARCH_PATHS = (
					"$(SDKROOT)/Developer/Library/Frameworks",
					"$(DEVELOPER_LIBRARY_DIR)/Frameworks",
				);
				GCC_C_LANGUAGE_STANDARD = gnu99;
				GCC_DYNAMIC_NO_PIC = NO;
				GCC_ENABLE_OBJC_EXCEPTIONS = YES;
				GCC_OPTIMIZATION_LEVEL = 0;
				GCC_PRECOMPILE_PREFIX_HEADER = YES;
				GCC_PREFIX_HEADER = "TheBoxUnitTests/TheBoxUnitTests-Prefix.pch";
				GCC_PREPROCESSOR_DEFINITIONS = (
					"DEBUG=1",
					"$(inherited)",
				);
				GCC_SYMBOLS_PRIVATE_EXTERN = NO;
				GCC_VERSION = com.apple.compilers.llvm.clang.1_0;
				GCC_WARN_64_TO_32_BIT_CONVERSION = YES;
				GCC_WARN_ABOUT_MISSING_PROTOTYPES = YES;
				HEADER_SEARCH_PATHS = (
					"\"$(PODS_ROOT)/Headers\"",
					"\"$(PODS_ROOT)/Headers/ASIHTTPRequest\"",
					"\"$(PODS_ROOT)/Headers/JSONKit\"",
					"\"$(PODS_ROOT)/Headers/OCMock\"",
					"\"$(PODS_ROOT)/Headers/Reachability\"",
					"\"$(SRCROOT)/Tests/Headers\"/**",
				);
				INFOPLIST_FILE = "TheBoxUnitTests/TheBoxUnitTests-Info.plist";
				MACH_O_TYPE = mh_bundle;
				MACOSX_DEPLOYMENT_TARGET = "";
				ONLY_ACTIVE_ARCH = NO;
				OTHER_LDFLAGS = (
					"-framework",
					SenTestingKit,
				);
				PRODUCT_NAME = "$(TARGET_NAME)";
				RUN_CLANG_STATIC_ANALYZER = NO;
				SCAN_ALL_SOURCE_FILES_FOR_INCLUDES = YES;
				SDKROOT = iphoneos;
				SKIP_INSTALL = YES;
				TEST_AFTER_BUILD = NO;
				TEST_HOST = "${BUNDLE_LOADER}";
				USER_HEADER_SEARCH_PATHS = "\"$(SRCROOT)/Tests/Headers\"";
				WRAPPER_EXTENSION = octest;
			};
			name = Debug;
		};
		908363E114006BF100E5AAAF /* Release */ = {
			isa = XCBuildConfiguration;
			baseConfigurationReference = 357DF359FDFE4E56B5D134F8 /* Pods.xcconfig */;
			buildSettings = {
				ALWAYS_SEARCH_USER_PATHS = YES;
				ARCHS = "$(ARCHS_STANDARD_32_BIT)";
				BUNDLE_LOADER = "${TARGET_BUILD_DIR}/thebox.app/thebox";
				CLANG_ENABLE_OBJC_ARC = YES;
				COPY_PHASE_STRIP = YES;
				DEBUG_INFORMATION_FORMAT = "dwarf-with-dsym";
				DSTROOT = /tmp/xcodeproj.dst;
				FRAMEWORK_SEARCH_PATHS = (
					"$(SDKROOT)/Developer/Library/Frameworks",
					"$(DEVELOPER_LIBRARY_DIR)/Frameworks",
				);
				GCC_C_LANGUAGE_STANDARD = gnu99;
				GCC_ENABLE_OBJC_EXCEPTIONS = YES;
				GCC_PRECOMPILE_PREFIX_HEADER = YES;
				GCC_PREFIX_HEADER = "TheBoxUnitTests/TheBoxUnitTests-Prefix.pch";
				GCC_VERSION = com.apple.compilers.llvm.clang.1_0;
				GCC_WARN_64_TO_32_BIT_CONVERSION = YES;
				GCC_WARN_ABOUT_MISSING_PROTOTYPES = YES;
				HEADER_SEARCH_PATHS = (
					"\"$(PODS_ROOT)/Headers\"",
					"\"$(PODS_ROOT)/Headers/ASIHTTPRequest\"",
					"\"$(PODS_ROOT)/Headers/JSONKit\"",
					"\"$(PODS_ROOT)/Headers/OCMock\"",
					"\"$(PODS_ROOT)/Headers/Reachability\"",
					"\"$(SRCROOT)/Tests/Headers\"/**",
				);
				INFOPLIST_FILE = "TheBoxUnitTests/TheBoxUnitTests-Info.plist";
				MACH_O_TYPE = mh_bundle;
				MACOSX_DEPLOYMENT_TARGET = "";
				ONLY_ACTIVE_ARCH = NO;
				OTHER_LDFLAGS = (
					"-framework",
					SenTestingKit,
				);
				PRODUCT_NAME = "$(TARGET_NAME)";
				RUN_CLANG_STATIC_ANALYZER = NO;
				SCAN_ALL_SOURCE_FILES_FOR_INCLUDES = YES;
				SDKROOT = iphoneos;
				SKIP_INSTALL = YES;
				TEST_AFTER_BUILD = NO;
				TEST_HOST = "${BUNDLE_LOADER}";
				USER_HEADER_SEARCH_PATHS = "\"$(SRCROOT)/Tests/Headers\"";
				WRAPPER_EXTENSION = octest;
			};
			name = Release;
		};
		908363E214006BF100E5AAAF /* AdHoc */ = {
			isa = XCBuildConfiguration;
			baseConfigurationReference = 357DF359FDFE4E56B5D134F8 /* Pods.xcconfig */;
			buildSettings = {
				ALWAYS_SEARCH_USER_PATHS = YES;
				ARCHS = "$(ARCHS_STANDARD_32_BIT)";
				BUNDLE_LOADER = "${TARGET_BUILD_DIR}/thebox.app/thebox";
				"CODE_SIGN_IDENTITY[sdk=iphoneos*]" = "iPhone Developer";
				COPY_PHASE_STRIP = YES;
				DEBUG_INFORMATION_FORMAT = "dwarf-with-dsym";
				DSTROOT = /tmp/xcodeproj.dst;
				FRAMEWORK_SEARCH_PATHS = (
					"$(SDKROOT)/Developer/Library/Frameworks",
					"$(DEVELOPER_LIBRARY_DIR)/Frameworks",
				);
				GCC_C_LANGUAGE_STANDARD = gnu99;
				GCC_ENABLE_OBJC_EXCEPTIONS = YES;
				GCC_PRECOMPILE_PREFIX_HEADER = YES;
				GCC_PREFIX_HEADER = "TheBoxUnitTests/TheBoxUnitTests-Prefix.pch";
				GCC_VERSION = com.apple.compilers.llvm.clang.1_0;
				GCC_WARN_64_TO_32_BIT_CONVERSION = YES;
				GCC_WARN_ABOUT_MISSING_PROTOTYPES = YES;
				HEADER_SEARCH_PATHS = (
					"\"$(PODS_ROOT)/Headers\"",
					"\"$(PODS_ROOT)/Headers/ASIHTTPRequest\"",
					"\"$(PODS_ROOT)/Headers/JSONKit\"",
					"\"$(PODS_ROOT)/Headers/OCMock\"",
					"\"$(PODS_ROOT)/Headers/Reachability\"",
					"\"$(SRCROOT)/Tests/Headers\"/**",
				);
				INFOPLIST_FILE = "TheBoxUnitTests/TheBoxUnitTests-Info.plist";
				MACH_O_TYPE = mh_bundle;
				MACOSX_DEPLOYMENT_TARGET = "";
				ONLY_ACTIVE_ARCH = NO;
				OTHER_LDFLAGS = (
					"-framework",
					SenTestingKit,
				);
				PRODUCT_NAME = "$(TARGET_NAME)";
				"PROVISIONING_PROFILE[sdk=iphoneos*]" = "";
				RUN_CLANG_STATIC_ANALYZER = NO;
				SCAN_ALL_SOURCE_FILES_FOR_INCLUDES = YES;
				SDKROOT = iphoneos;
				SKIP_INSTALL = YES;
				TEST_AFTER_BUILD = NO;
				TEST_HOST = "${BUNDLE_LOADER}";
				USER_HEADER_SEARCH_PATHS = "\"$(SRCROOT)/Tests/Headers\"";
				WRAPPER_EXTENSION = octest;
			};
			name = AdHoc;
		};
		A152E543130D7A2300514061 /* AdHoc */ = {
			isa = XCBuildConfiguration;
			buildSettings = {
				ARCHS = (
					armv7,
					armv6,
				);
				CODE_SIGN_ENTITLEMENTS = Entitlement.plist;
				CODE_SIGN_IDENTITY = "iPhone Distribution";
				"CODE_SIGN_IDENTITY[sdk=iphoneos*]" = "iPhone Distribution: Andrew Williams";
				GCC_C_LANGUAGE_STANDARD = c99;
				GCC_THUMB_SUPPORT = NO;
				GCC_VERSION = com.apple.compilers.llvm.clang.1_0;
				GCC_WARN_ABOUT_RETURN_TYPE = YES;
				GCC_WARN_UNUSED_VARIABLE = YES;
				INFOPLIST_FILE = "TheBox-Info.plist";
				IPHONEOS_DEPLOYMENT_TARGET = 4.2;
				MACH_O_TYPE = mh_execute;
				MODULE_NAME = Entitlement.plist;
				OTHER_CFLAGS = "-DNS_BLOCK_ASSERTIONS=1";
				PRODUCT_NAME = thebox;
				PROVISIONING_PROFILE = "";
				"PROVISIONING_PROFILE[sdk=iphoneos*]" = "AC6F6B61-A6A9-4A37-8FEE-80342AE36B96";
				RUN_CLANG_STATIC_ANALYZER = YES;
				SDKROOT = iphoneos;
				SKIP_INSTALL = NO;
				TEST_AFTER_BUILD = YES;
			};
			name = AdHoc;
		};
		A152E544130D7A2300514061 /* AdHoc */ = {
			isa = XCBuildConfiguration;
			baseConfigurationReference = 357DF359FDFE4E56B5D134F8 /* Pods.xcconfig */;
			buildSettings = {
				ALWAYS_SEARCH_USER_PATHS = YES;
				ARCHS = (
					armv7,
					armv6,
				);
				CLANG_WARN_OBJCPP_ARC_ABI = YES;
				CODE_SIGN_IDENTITY = "iPhone Distribution";
				"CODE_SIGN_IDENTITY[sdk=iphoneos*]" = "iPhone Distribution";
				COPY_PHASE_STRIP = NO;
				DSTROOT = /tmp/xcodeproj.dst;
				FRAMEWORK_SEARCH_PATHS = (
					"$(inherited)",
					"\"$(SRCROOT)/External\"",
				);
				GCC_PRECOMPILE_PREFIX_HEADER = YES;
				GCC_PREFIX_HEADER = TheBox_Prefix.pch;
				GCC_SYMBOLS_PRIVATE_EXTERN = NO;
				GCC_THUMB_SUPPORT = NO;
				GCC_VERSION = com.apple.compilers.llvm.clang.1_0;
				INFOPLIST_FILE = "TheBox-Info.plist";
				INSTALL_PATH = "$(LOCAL_APPS_DIR)";
				IPHONEOS_DEPLOYMENT_TARGET = 4.2;
				LIBRARY_SEARCH_PATHS = (
					"$(inherited)",
					"\"$(SRCROOT)/Pods/TestFlightSDK\"",
				);
				MACH_O_TYPE = mh_execute;
				OTHER_LDFLAGS = (
					"-ObjC",
					"-all_load",
					"-framework",
					SystemConfiguration,
					"-framework",
					MobileCoreServices,
					"-framework",
					CFNetwork,
					"-framework",
					CoreGraphics,
					"-lz.1",
					"-framework",
					SystemConfiguration,
				);
				PRODUCT_NAME = "${TARGET_NAME}";
				PROVISIONING_PROFILE = "";
				"PROVISIONING_PROFILE[sdk=iphoneos*]" = "";
				RUN_CLANG_STATIC_ANALYZER = YES;
				SCAN_ALL_SOURCE_FILES_FOR_INCLUDES = YES;
				SDKROOT = iphoneos;
				SKIP_INSTALL = NO;
				SYMROOT = build;
				TARGETED_DEVICE_FAMILY = 1;
				TEST_AFTER_BUILD = YES;
				USER_HEADER_SEARCH_PATHS = "";
				VALIDATE_PRODUCT = YES;
			};
			name = AdHoc;
		};
		C01FCF4F08A954540054247B /* Debug */ = {
			isa = XCBuildConfiguration;
			buildSettings = {
				ARCHS = (
					armv7,
					armv6,
				);
				CODE_SIGN_ENTITLEMENTS = "";
				CODE_SIGN_IDENTITY = "iPhone Developer";
				"CODE_SIGN_IDENTITY[sdk=iphoneos*]" = "iPhone Developer";
				GCC_C_LANGUAGE_STANDARD = c99;
				GCC_PREPROCESSOR_DEFINITIONS = DEBUG;
				GCC_THUMB_SUPPORT = NO;
				GCC_VERSION = com.apple.compilers.llvm.clang.1_0;
				GCC_WARN_ABOUT_RETURN_TYPE = YES;
				GCC_WARN_UNUSED_VARIABLE = YES;
				INFOPLIST_FILE = "TheBox-Info.plist";
				IPHONEOS_DEPLOYMENT_TARGET = 4.2;
				MACH_O_TYPE = mh_bundle;
				MODULE_NAME = Entitlement.plist;
				PRODUCT_NAME = thebox;
				PROVISIONING_PROFILE = "";
				RUN_CLANG_STATIC_ANALYZER = YES;
				SDKROOT = iphoneos;
				SKIP_INSTALL = NO;
				TEST_AFTER_BUILD = YES;
			};
			name = Debug;
		};
		C01FCF5008A954540054247B /* Release */ = {
			isa = XCBuildConfiguration;
			buildSettings = {
				ARCHS = (
					armv7,
					armv6,
				);
				CODE_SIGN_IDENTITY = "iPhone Distribution";
				"CODE_SIGN_IDENTITY[sdk=iphoneos*]" = "iPhone Distribution";
				GCC_C_LANGUAGE_STANDARD = c99;
				GCC_THUMB_SUPPORT = NO;
				GCC_VERSION = com.apple.compilers.llvm.clang.1_0;
				GCC_WARN_ABOUT_RETURN_TYPE = YES;
				GCC_WARN_UNUSED_VARIABLE = YES;
				INFOPLIST_FILE = "TheBox-Info.plist";
				IPHONEOS_DEPLOYMENT_TARGET = 4.2;
				MACH_O_TYPE = mh_execute;
				MODULE_NAME = Entitlement.plist;
				OTHER_CFLAGS = "-DNS_BLOCK_ASSERTIONS=1";
				PRODUCT_NAME = thebox;
				PROVISIONING_PROFILE = "";
				"PROVISIONING_PROFILE[sdk=iphoneos*]" = "";
				RUN_CLANG_STATIC_ANALYZER = YES;
				SDKROOT = iphoneos;
				SKIP_INSTALL = NO;
				TEST_AFTER_BUILD = YES;
			};
			name = Release;
		};
/* End XCBuildConfiguration section */

/* Begin XCConfigurationList section */
		1D6058960D05DD3E006BFB54 /* Build configuration list for PBXNativeTarget "thebox" */ = {
			isa = XCConfigurationList;
			buildConfigurations = (
				1D6058940D05DD3E006BFB54 /* Debug */,
				1D6058950D05DD3E006BFB54 /* Release */,
				A152E544130D7A2300514061 /* AdHoc */,
			);
			defaultConfigurationIsVisible = 0;
			defaultConfigurationName = Release;
		};
		908363DF14006BF100E5AAAF /* Build configuration list for PBXNativeTarget "TheBoxUnitTests" */ = {
			isa = XCConfigurationList;
			buildConfigurations = (
				908363E014006BF100E5AAAF /* Debug */,
				908363E114006BF100E5AAAF /* Release */,
				908363E214006BF100E5AAAF /* AdHoc */,
			);
			defaultConfigurationIsVisible = 0;
			defaultConfigurationName = Release;
		};
		C01FCF4E08A954540054247B /* Build configuration list for PBXProject "thebox" */ = {
			isa = XCConfigurationList;
			buildConfigurations = (
				C01FCF4F08A954540054247B /* Debug */,
				C01FCF5008A954540054247B /* Release */,
				A152E543130D7A2300514061 /* AdHoc */,
			);
			defaultConfigurationIsVisible = 0;
			defaultConfigurationName = Release;
		};
/* End XCConfigurationList section */
	};
	rootObject = 29B97313FDCFA39411CA2CEA /* Project object */;
}
